
Microsoft Visual Studio Solution File, Format Version 12.00
# Visual Studio Version 17
VisualStudioVersion = 17.0.31903.59
MinimumVisualStudioVersion = 10.0.40219.1
Project("{2150E333-8FDC-42A3-9474-1A3956D46DE8}") = "src", "src", "{827E0CD3-B72D-47B6-A68D-7590B98EB39B}"
EndProject
Project("{FAE04EC0-301F-11D3-BF4B-00C04F79EFBC}") = "Chassis.SharedKernel", "src\Chassis.SharedKernel\Chassis.SharedKernel.csproj", "{B06D1509-30DA-4B75-87BF-12FC3590EA73}"
EndProject
Project("{2150E333-8FDC-42A3-9474-1A3956D46DE8}") = "tests", "tests", "{0AB3BF05-4346-4AA6-1389-037BE0695223}"
EndProject
Project("{2150E333-8FDC-42A3-9474-1A3956D46DE8}") = "Chassis.SharedKernel.PackageTests", "Chassis.SharedKernel.PackageTests", "{5DF09A92-ED1D-1AE4-1F14-3EF245B7F92E}"
EndProject
Project("{2150E333-8FDC-42A3-9474-1A3956D46DE8}") = "Net10", "Net10", "{CD9093CD-31B2-9F48-4D38-300F175E2DF8}"
EndProject
Project("{FAE04EC0-301F-11D3-BF4B-00C04F79EFBC}") = "Chassis.SharedKernel.SmokeTest.Net10", "tests\Chassis.SharedKernel.PackageTests\Net10\Chassis.SharedKernel.SmokeTest.Net10.csproj", "{AF4AE465-79A6-4A9A-BC2C-4564F36EE918}"
EndProject
Project("{2150E333-8FDC-42A3-9474-1A3956D46DE8}") = "Net48", "Net48", "{4F4F570B-5D00-ADDE-B150-E77A4CC33CCC}"
EndProject
Project("{FAE04EC0-301F-11D3-BF4B-00C04F79EFBC}") = "Chassis.SharedKernel.SmokeTest.Net48", "tests\Chassis.SharedKernel.PackageTests\Net48\Chassis.SharedKernel.SmokeTest.Net48.csproj", "{6FA985A6-0E06-48EB-B518-466753C5522A}"
EndProject
Global
	GlobalSection(SolutionConfigurationPlatforms) = preSolution
		Debug|Any CPU = Debug|Any CPU
		Debug|x64 = Debug|x64
		Debug|x86 = Debug|x86
		Release|Any CPU = Release|Any CPU
		Release|x64 = Release|x64
		Release|x86 = Release|x86
	EndGlobalSection
	GlobalSection(ProjectConfigurationPlatforms) = postSolution
		{B06D1509-30DA-4B75-87BF-12FC3590EA73}.Debug|Any CPU.ActiveCfg = Debug|Any CPU
		{B06D1509-30DA-4B75-87BF-12FC3590EA73}.Debug|Any CPU.Build.0 = Debug|Any CPU
		{B06D1509-30DA-4B75-87BF-12FC3590EA73}.Debug|x64.ActiveCfg = Debug|Any CPU
		{B06D1509-30DA-4B75-87BF-12FC3590EA73}.Debug|x64.Build.0 = Debug|Any CPU
		{B06D1509-30DA-4B75-87BF-12FC3590EA73}.Debug|x86.ActiveCfg = Debug|Any CPU
		{B06D1509-30DA-4B75-87BF-12FC3590EA73}.Debug|x86.Build.0 = Debug|Any CPU
		{B06D1509-30DA-4B75-87BF-12FC3590EA73}.Release|Any CPU.ActiveCfg = Release|Any CPU
		{B06D1509-30DA-4B75-87BF-12FC3590EA73}.Release|Any CPU.Build.0 = Release|Any CPU
		{B06D1509-30DA-4B75-87BF-12FC3590EA73}.Release|x64.ActiveCfg = Release|Any CPU
		{B06D1509-30DA-4B75-87BF-12FC3590EA73}.Release|x64.Build.0 = Release|Any CPU
		{B06D1509-30DA-4B75-87BF-12FC3590EA73}.Release|x86.ActiveCfg = Release|Any CPU
		{B06D1509-30DA-4B75-87BF-12FC3590EA73}.Release|x86.Build.0 = Release|Any CPU
		{AF4AE465-79A6-4A9A-BC2C-4564F36EE918}.Debug|Any CPU.ActiveCfg = Debug|Any CPU
		{AF4AE465-79A6-4A9A-BC2C-4564F36EE918}.Debug|Any CPU.Build.0 = Debug|Any CPU
		{AF4AE465-79A6-4A9A-BC2C-4564F36EE918}.Debug|x64.ActiveCfg = Debug|Any CPU
		{AF4AE465-79A6-4A9A-BC2C-4564F36EE918}.Debug|x64.Build.0 = Debug|Any CPU
		{AF4AE465-79A6-4A9A-BC2C-4564F36EE918}.Debug|x86.ActiveCfg = Debug|Any CPU
		{AF4AE465-79A6-4A9A-BC2C-4564F36EE918}.Debug|x86.Build.0 = Debug|Any CPU
		{AF4AE465-79A6-4A9A-BC2C-4564F36EE918}.Release|Any CPU.ActiveCfg = Release|Any CPU
		{AF4AE465-79A6-4A9A-BC2C-4564F36EE918}.Release|Any CPU.Build.0 = Release|Any CPU
		{AF4AE465-79A6-4A9A-BC2C-4564F36EE918}.Release|x64.ActiveCfg = Release|Any CPU
		{AF4AE465-79A6-4A9A-BC2C-4564F36EE918}.Release|x64.Build.0 = Release|Any CPU
		{AF4AE465-79A6-4A9A-BC2C-4564F36EE918}.Release|x86.ActiveCfg = Release|Any CPU
		{AF4AE465-79A6-4A9A-BC2C-4564F36EE918}.Release|x86.Build.0 = Release|Any CPU
		{6FA985A6-0E06-48EB-B518-466753C5522A}.Debug|Any CPU.ActiveCfg = Debug|Any CPU
		{6FA985A6-0E06-48EB-B518-466753C5522A}.Debug|Any CPU.Build.0 = Debug|Any CPU
		{6FA985A6-0E06-48EB-B518-466753C5522A}.Debug|x64.ActiveCfg = Debug|Any CPU
		{6FA985A6-0E06-48EB-B518-466753C5522A}.Debug|x64.Build.0 = Debug|Any CPU
		{6FA985A6-0E06-48EB-B518-466753C5522A}.Debug|x86.ActiveCfg = Debug|Any CPU
		{6FA985A6-0E06-48EB-B518-466753C5522A}.Debug|x86.Build.0 = Debug|Any CPU
		{6FA985A6-0E06-48EB-B518-466753C5522A}.Release|Any CPU.ActiveCfg = Release|Any CPU
		{6FA985A6-0E06-48EB-B518-466753C5522A}.Release|Any CPU.Build.0 = Release|Any CPU
		{6FA985A6-0E06-48EB-B518-466753C5522A}.Release|x64.ActiveCfg = Release|Any CPU
		{6FA985A6-0E06-48EB-B518-466753C5522A}.Release|x64.Build.0 = Release|Any CPU
		{6FA985A6-0E06-48EB-B518-466753C5522A}.Release|x86.ActiveCfg = Release|Any CPU
		{6FA985A6-0E06-48EB-B518-466753C5522A}.Release|x86.Build.0 = Release|Any CPU
	EndGlobalSection
	GlobalSection(SolutionProperties) = preSolution
		HideSolutionNode = FALSE
	EndGlobalSection
	GlobalSection(NestedProjects) = preSolution
		{B06D1509-30DA-4B75-87BF-12FC3590EA73} = {827E0CD3-B72D-47B6-A68D-7590B98EB39B}
		{5DF09A92-ED1D-1AE4-1F14-3EF245B7F92E} = {0AB3BF05-4346-4AA6-1389-037BE0695223}
		{CD9093CD-31B2-9F48-4D38-300F175E2DF8} = {5DF09A92-ED1D-1AE4-1F14-3EF245B7F92E}
		{AF4AE465-79A6-4A9A-BC2C-4564F36EE918} = {CD9093CD-31B2-9F48-4D38-300F175E2DF8}
		{4F4F570B-5D00-ADDE-B150-E77A4CC33CCC} = {5DF09A92-ED1D-1AE4-1F14-3EF245B7F92E}
		{6FA985A6-0E06-48EB-B518-466753C5522A} = {4F4F570B-5D00-ADDE-B150-E77A4CC33CCC}
	EndGlobalSection
EndGlobal
