
Microsoft Visual Studio Solution File, Format Version 12.00
# Visual Studio Version 17
VisualStudioVersion = 17.0.31903.59
MinimumVisualStudioVersion = 10.0.40219.1
Project("{2150E333-8FDC-42A3-9474-1A3956D46DE8}") = "src", "src", "{827E0CD3-B72D-47B6-A68D-7590B98EB39B}"
EndProject
Project("{FAE04EC0-301F-11D3-BF4B-00C04F79EFBC}") = "SaasBuilder.SharedKernel", "src\SaasBuilder.SharedKernel\SaasBuilder.SharedKernel.csproj", "{B06D1509-30DA-4B75-87BF-12FC3590EA73}"
EndProject
Project("{FAE04EC0-301F-11D3-BF4B-00C04F79EFBC}") = "SaasBuilder.Persistence", "src\SaasBuilder.Persistence\SaasBuilder.Persistence.csproj", "{C1A2B3D4-E5F6-7890-ABCD-EF1234567890}"
EndProject
Project("{FAE04EC0-301F-11D3-BF4B-00C04F79EFBC}") = "SaasBuilder.Host", "src\SaasBuilder.Host\SaasBuilder.Host.csproj", "{D2E3F4A5-B6C7-8901-BCDE-F01234567891}"
EndProject
Project("{2150E333-8FDC-42A3-9474-1A3956D46DE8}") = "tests", "tests", "{0AB3BF05-4346-4AA6-1389-037BE0695223}"
EndProject
Project("{2150E333-8FDC-42A3-9474-1A3956D46DE8}") = "SaasBuilder.SharedKernel.PackageTests", "SaasBuilder.SharedKernel.PackageTests", "{5DF09A92-ED1D-1AE4-1F14-3EF245B7F92E}"
EndProject
Project("{2150E333-8FDC-42A3-9474-1A3956D46DE8}") = "Net10", "Net10", "{CD9093CD-31B2-9F48-4D38-300F175E2DF8}"
EndProject
Project("{FAE04EC0-301F-11D3-BF4B-00C04F79EFBC}") = "SaasBuilder.SharedKernel.SmokeTest.Net10", "tests\SaasBuilder.SharedKernel.PackageTests\Net10\SaasBuilder.SharedKernel.SmokeTest.Net10.csproj", "{AF4AE465-79A6-4A9A-BC2C-4564F36EE918}"
EndProject
Project("{2150E333-8FDC-42A3-9474-1A3956D46DE8}") = "Net48", "Net48", "{4F4F570B-5D00-ADDE-B150-E77A4CC33CCC}"
EndProject
Project("{FAE04EC0-301F-11D3-BF4B-00C04F79EFBC}") = "SaasBuilder.SharedKernel.SmokeTest.Net48", "tests\SaasBuilder.SharedKernel.PackageTests\Net48\SaasBuilder.SharedKernel.SmokeTest.Net48.csproj", "{6FA985A6-0E06-48EB-B518-466753C5522A}"
EndProject
Project("{FAE04EC0-301F-11D3-BF4B-00C04F79EFBC}") = "SaasBuilder.IntegrationTests", "tests\SaasBuilder.IntegrationTests\SaasBuilder.IntegrationTests.csproj", "{E3F4A5B6-C7D8-9012-CDEF-012345678902}"
EndProject
Project("{2150E333-8FDC-42A3-9474-1A3956D46DE8}") = "Modules", "Modules", "{A1B2C3D4-E5F6-7890-ABCD-EF1234567800}"
EndProject
Project("{2150E333-8FDC-42A3-9474-1A3956D46DE8}") = "Identity", "Identity", "{A1B2C3D4-E5F6-7890-ABCD-EF1234567801}"
EndProject
Project("{FAE04EC0-301F-11D3-BF4B-00C04F79EFBC}") = "Identity.Contracts", "src\Modules\Identity\Identity.Contracts\Identity.Contracts.csproj", "{F1E2D3C4-B5A6-9870-FEDC-BA9876543210}"
EndProject
Project("{FAE04EC0-301F-11D3-BF4B-00C04F79EFBC}") = "Identity.Domain", "src\Modules\Identity\Identity.Domain\Identity.Domain.csproj", "{F1E2D3C4-B5A6-9870-FEDC-BA9876543211}"
EndProject
Project("{FAE04EC0-301F-11D3-BF4B-00C04F79EFBC}") = "Identity.Application", "src\Modules\Identity\Identity.Application\Identity.Application.csproj", "{F1E2D3C4-B5A6-9870-FEDC-BA9876543212}"
EndProject
Project("{FAE04EC0-301F-11D3-BF4B-00C04F79EFBC}") = "Identity.Infrastructure", "src\Modules\Identity\Identity.Infrastructure\Identity.Infrastructure.csproj", "{F1E2D3C4-B5A6-9870-FEDC-BA9876543213}"
EndProject
Project("{FAE04EC0-301F-11D3-BF4B-00C04F79EFBC}") = "Identity.Api", "src\Modules\Identity\Identity.Api\Identity.Api.csproj", "{F1E2D3C4-B5A6-9870-FEDC-BA9876543214}"
EndProject
Project("{2150E333-8FDC-42A3-9474-1A3956D46DE8}") = "Ledger", "Ledger", "{A1B2C3D4-E5F6-7890-ABCD-EF1234567802}"
EndProject
Project("{FAE04EC0-301F-11D3-BF4B-00C04F79EFBC}") = "Ledger.Contracts", "src\Modules\Ledger\Ledger.Contracts\Ledger.Contracts.csproj", "{F2E3D4C5-A6B7-8901-FEDC-CA0987654320}"
EndProject
Project("{FAE04EC0-301F-11D3-BF4B-00C04F79EFBC}") = "Ledger.Domain", "src\Modules\Ledger\Ledger.Domain\Ledger.Domain.csproj", "{F2E3D4C5-A6B7-8901-FEDC-CA0987654321}"
EndProject
Project("{FAE04EC0-301F-11D3-BF4B-00C04F79EFBC}") = "Ledger.Application", "src\Modules\Ledger\Ledger.Application\Ledger.Application.csproj", "{F2E3D4C5-A6B7-8901-FEDC-CA0987654322}"
EndProject
Project("{FAE04EC0-301F-11D3-BF4B-00C04F79EFBC}") = "Ledger.Infrastructure", "src\Modules\Ledger\Ledger.Infrastructure\Ledger.Infrastructure.csproj", "{F2E3D4C5-A6B7-8901-FEDC-CA0987654323}"
EndProject
Project("{FAE04EC0-301F-11D3-BF4B-00C04F79EFBC}") = "Ledger.Api", "src\Modules\Ledger\Ledger.Api\Ledger.Api.csproj", "{F2E3D4C5-A6B7-8901-FEDC-CA0987654324}"
EndProject
Project("{2150E333-8FDC-42A3-9474-1A3956D46DE8}") = "Reporting", "Reporting", "{A1B2C3D4-E5F6-7890-ABCD-EF1234567803}"
EndProject
Project("{FAE04EC0-301F-11D3-BF4B-00C04F79EFBC}") = "Reporting.Contracts", "src\Modules\Reporting\Reporting.Contracts\Reporting.Contracts.csproj", "{F3E4D5C6-B7A8-9012-FEDC-DB1098765430}"
EndProject
Project("{FAE04EC0-301F-11D3-BF4B-00C04F79EFBC}") = "Reporting.Application", "src\Modules\Reporting\Reporting.Application\Reporting.Application.csproj", "{F3E4D5C6-B7A8-9012-FEDC-DB1098765431}"
EndProject
Project("{FAE04EC0-301F-11D3-BF4B-00C04F79EFBC}") = "Reporting.Infrastructure", "src\Modules\Reporting\Reporting.Infrastructure\Reporting.Infrastructure.csproj", "{F3E4D5C6-B7A8-9012-FEDC-DB1098765432}"
EndProject
Project("{FAE04EC0-301F-11D3-BF4B-00C04F79EFBC}") = "Reporting.Api", "src\Modules\Reporting\Reporting.Api\Reporting.Api.csproj", "{F3E4D5C6-B7A8-9012-FEDC-DB1098765433}"
EndProject
Project("{2150E333-8FDC-42A3-9474-1A3956D46DE8}") = "Registration", "Registration", "{A1B2C3D4-E5F6-7890-ABCD-EF1234567804}"
EndProject
Project("{FAE04EC0-301F-11D3-BF4B-00C04F79EFBC}") = "Registration.Contracts", "src\Modules\Registration\Registration.Contracts\Registration.Contracts.csproj", "{F4E5D6C7-A8B9-0123-FEDC-EC2109876540}"
EndProject
Project("{FAE04EC0-301F-11D3-BF4B-00C04F79EFBC}") = "Registration.Application", "src\Modules\Registration\Registration.Application\Registration.Application.csproj", "{F4E5D6C7-A8B9-0123-FEDC-EC2109876541}"
EndProject
Project("{FAE04EC0-301F-11D3-BF4B-00C04F79EFBC}") = "Registration.Infrastructure", "src\Modules\Registration\Registration.Infrastructure\Registration.Infrastructure.csproj", "{F4E5D6C7-A8B9-0123-FEDC-EC2109876542}"
EndProject
Project("{FAE04EC0-301F-11D3-BF4B-00C04F79EFBC}") = "Registration.Api", "src\Modules\Registration\Registration.Api\Registration.Api.csproj", "{F4E5D6C7-A8B9-0123-FEDC-EC2109876543}"
EndProject
Project("{FAE04EC0-301F-11D3-BF4B-00C04F79EFBC}") = "SaasBuilder.Gateway", "src\SaasBuilder.Gateway\SaasBuilder.Gateway.csproj", "{A6B7C8D9-E0F1-2345-ABCD-EF1234567900}"
EndProject
Project("{2150E333-8FDC-42A3-9474-1A3956D46DE8}") = "samples", "samples", "{E7F8A9B0-C1D2-3456-EFAB-012345678920}"
EndProject
Project("{FAE04EC0-301F-11D3-BF4B-00C04F79EFBC}") = "SaasBuilder.Sample.Host", "samples\SaasBuilder.Sample.Host\SaasBuilder.Sample.Host.csproj", "{E7F8A9B0-C1D2-3456-EFAB-012345678921}"
EndProject
Project("{2150E333-8FDC-42A3-9474-1A3956D46DE8}") = "integration", "integration", "{A6B7C8D9-E0F1-2345-ABCD-EF1234567901}"
EndProject
Project("{FAE04EC0-301F-11D3-BF4B-00C04F79EFBC}") = "Integration.CloudEventsAdapter", "integration\Integration.CloudEventsAdapter\Integration.CloudEventsAdapter.csproj", "{A6B7C8D9-E0F1-2345-ABCD-EF1234567902}"
EndProject
Project("{FAE04EC0-301F-11D3-BF4B-00C04F79EFBC}") = "Integration.AsyncApiRegistry", "integration\Integration.AsyncApiRegistry\Integration.AsyncApiRegistry.csproj", "{A6B7C8D9-E0F1-2345-ABCD-EF1234567903}"
EndProject
Project("{2150E333-8FDC-42A3-9474-1A3956D46DE8}") = "tests.integration", "tests.integration", "{A6B7C8D9-E0F1-2345-ABCD-EF1234567904}"
EndProject
Project("{FAE04EC0-301F-11D3-BF4B-00C04F79EFBC}") = "Integration.CloudEventsAdapter.Tests", "integration\tests\Integration.CloudEventsAdapter.Tests\Integration.CloudEventsAdapter.Tests.csproj", "{A6B7C8D9-E0F1-2345-ABCD-EF1234567905}"
EndProject
Project("{FAE04EC0-301F-11D3-BF4B-00C04F79EFBC}") = "Integration.AsyncApiRegistry.Tests", "integration\tests\Integration.AsyncApiRegistry.Tests\Integration.AsyncApiRegistry.Tests.csproj", "{A6B7C8D9-E0F1-2345-ABCD-EF1234567906}"
EndProject
Project("{FAE04EC0-301F-11D3-BF4B-00C04F79EFBC}") = "SaasBuilder.ArchitectureTests", "tests\SaasBuilder.ArchitectureTests\SaasBuilder.ArchitectureTests.csproj", "{B5C6D7E8-F9A0-1234-BCDE-F01234567910}"
EndProject
Project("{FAE04EC0-301F-11D3-BF4B-00C04F79EFBC}") = "SaasBuilder.SecurityTests", "tests\SaasBuilder.SecurityTests\SaasBuilder.SecurityTests.csproj", "{C6D7E8F9-A0B1-2345-CDEF-012345678911}"
EndProject
Project("{2150E333-8FDC-42A3-9474-1A3956D46DE8}") = "templates", "templates", "{808186BE-9BD0-DD1D-D574-36EEAD1E7F8F}"
EndProject
Project("{FAE04EC0-301F-11D3-BF4B-00C04F79EFBC}") = "SaasBuilder.Templates", "templates\SaasBuilder.Templates\SaasBuilder.Templates.csproj", "{D2DD7666-9DDF-4292-9528-81343F1E8091}"
EndProject
Project("{2150E333-8FDC-42A3-9474-1A3956D46DE8}") = "Billing", "Billing", "{1A9FAE25-4F27-CC1F-46C5-9D44DD3056E7}"
EndProject
Project("{FAE04EC0-301F-11D3-BF4B-00C04F79EFBC}") = "Billing.Contracts", "src\Modules\Billing\Billing.Contracts\Billing.Contracts.csproj", "{CCB97C4A-A94F-4DC2-9FB4-DAC45D675CD5}"
EndProject
Project("{FAE04EC0-301F-11D3-BF4B-00C04F79EFBC}") = "Billing.Domain", "src\Modules\Billing\Billing.Domain\Billing.Domain.csproj", "{0E6DC979-A4FD-4B7B-A51B-36113376B625}"
EndProject
Project("{FAE04EC0-301F-11D3-BF4B-00C04F79EFBC}") = "Billing.Application", "src\Modules\Billing\Billing.Application\Billing.Application.csproj", "{2876C747-E5B8-4E0E-BD33-F4F54B965BB3}"
EndProject
Project("{FAE04EC0-301F-11D3-BF4B-00C04F79EFBC}") = "Billing.Infrastructure", "src\Modules\Billing\Billing.Infrastructure\Billing.Infrastructure.csproj", "{15DF6C19-E3CB-4987-9E02-3F628A2FE953}"
EndProject
Project("{FAE04EC0-301F-11D3-BF4B-00C04F79EFBC}") = "Billing.Api", "src\Modules\Billing\Billing.Api\Billing.Api.csproj", "{7D5A8E2B-8877-4395-83F7-9760B32CADAC}"
EndProject
Project("{2150E333-8FDC-42A3-9474-1A3956D46DE8}") = "Entitlements", "Entitlements", "{4B0CAF09-563A-D67D-CA16-93A03BB86D05}"
EndProject
Project("{FAE04EC0-301F-11D3-BF4B-00C04F79EFBC}") = "Entitlements.Domain", "src\Modules\Entitlements\Entitlements.Domain\Entitlements.Domain.csproj", "{88D61BE3-4AB5-4D67-84AB-62EFBE6F2220}"
EndProject
Project("{FAE04EC0-301F-11D3-BF4B-00C04F79EFBC}") = "Entitlements.Application", "src\Modules\Entitlements\Entitlements.Application\Entitlements.Application.csproj", "{8C37019E-F0BA-44BD-9B7B-E01197D2A146}"
EndProject
Project("{FAE04EC0-301F-11D3-BF4B-00C04F79EFBC}") = "Entitlements.Infrastructure", "src\Modules\Entitlements\Entitlements.Infrastructure\Entitlements.Infrastructure.csproj", "{F27932A9-A016-4B18-9DAA-CE9EE191C85E}"
EndProject
Project("{2150E333-8FDC-42A3-9474-1A3956D46DE8}") = "FeatureFlags", "FeatureFlags", "{81A67925-34D5-A531-C6BE-5F9A3CBBB3D2}"
EndProject
Project("{FAE04EC0-301F-11D3-BF4B-00C04F79EFBC}") = "FeatureFlags.Contracts", "src\Modules\FeatureFlags\FeatureFlags.Contracts\FeatureFlags.Contracts.csproj", "{568580E7-5199-4D42-96AF-03A73C9F3AAF}"
EndProject
Project("{FAE04EC0-301F-11D3-BF4B-00C04F79EFBC}") = "FeatureFlags.Application", "src\Modules\FeatureFlags\FeatureFlags.Application\FeatureFlags.Application.csproj", "{F02D5B9A-093D-4D6E-8B68-1C0AE140DD61}"
EndProject
Project("{FAE04EC0-301F-11D3-BF4B-00C04F79EFBC}") = "FeatureFlags.Infrastructure", "src\Modules\FeatureFlags\FeatureFlags.Infrastructure\FeatureFlags.Infrastructure.csproj", "{DDE3483B-5A8F-478D-8BD7-785F84FCABAF}"
EndProject
Project("{FAE04EC0-301F-11D3-BF4B-00C04F79EFBC}") = "FeatureFlags.Api", "src\Modules\FeatureFlags\FeatureFlags.Api\FeatureFlags.Api.csproj", "{D9E1C8F2-8033-4361-B8FC-10FFA74977C6}"
EndProject
Project("{2150E333-8FDC-42A3-9474-1A3956D46DE8}") = "Notifications", "Notifications", "{F213182A-33E8-9874-379E-850AB46F0102}"
EndProject
Project("{FAE04EC0-301F-11D3-BF4B-00C04F79EFBC}") = "Notifications.Contracts", "src\Modules\Notifications\Notifications.Contracts\Notifications.Contracts.csproj", "{BB12482B-8644-471D-A1D7-4B2B8E98272E}"
EndProject
Project("{FAE04EC0-301F-11D3-BF4B-00C04F79EFBC}") = "Notifications.Domain", "src\Modules\Notifications\Notifications.Domain\Notifications.Domain.csproj", "{7177AB7C-477E-43A9-901D-E9D2C83825D6}"
EndProject
Project("{FAE04EC0-301F-11D3-BF4B-00C04F79EFBC}") = "Notifications.Application", "src\Modules\Notifications\Notifications.Application\Notifications.Application.csproj", "{ED1261F5-083F-46FB-A40D-134D0EAA84BD}"
EndProject
Project("{FAE04EC0-301F-11D3-BF4B-00C04F79EFBC}") = "Notifications.Infrastructure", "src\Modules\Notifications\Notifications.Infrastructure\Notifications.Infrastructure.csproj", "{3973199D-FC5D-4416-8F86-B88A32EEC395}"
EndProject
Project("{FAE04EC0-301F-11D3-BF4B-00C04F79EFBC}") = "Notifications.Api", "src\Modules\Notifications\Notifications.Api\Notifications.Api.csproj", "{4BA69325-CE1B-4B50-951B-9D45224894A2}"
EndProject
Project("{2150E333-8FDC-42A3-9474-1A3956D46DE8}") = "Files", "Files", "{CE703AB3-3EF2-2098-F37F-840A17FE8C90}"
EndProject
Project("{FAE04EC0-301F-11D3-BF4B-00C04F79EFBC}") = "Files.Contracts", "src\Modules\Files\Files.Contracts\Files.Contracts.csproj", "{5ACB2780-A81D-4015-897F-B92D46FC1536}"
EndProject
Project("{FAE04EC0-301F-11D3-BF4B-00C04F79EFBC}") = "Files.Application", "src\Modules\Files\Files.Application\Files.Application.csproj", "{30BD6866-CA95-49E7-9BCC-420110A689B2}"
EndProject
Project("{FAE04EC0-301F-11D3-BF4B-00C04F79EFBC}") = "Files.Infrastructure", "src\Modules\Files\Files.Infrastructure\Files.Infrastructure.csproj", "{4E749C4F-6D63-4837-913C-B6FF8308F0BB}"
EndProject
Project("{FAE04EC0-301F-11D3-BF4B-00C04F79EFBC}") = "Files.Api", "src\Modules\Files\Files.Api\Files.Api.csproj", "{0B5FE1B1-1C88-4CD8-BD63-CE7B10EE5AC6}"
EndProject
Project("{2150E333-8FDC-42A3-9474-1A3956D46DE8}") = "Jobs", "Jobs", "{78003B03-D6F7-1906-0187-154F2A0D5A3B}"
EndProject
Project("{FAE04EC0-301F-11D3-BF4B-00C04F79EFBC}") = "Jobs.Application", "src\Modules\Jobs\Jobs.Application\Jobs.Application.csproj", "{965112F6-22EB-40D8-B9C7-C0003847ACB4}"
EndProject
Project("{FAE04EC0-301F-11D3-BF4B-00C04F79EFBC}") = "Jobs.Infrastructure", "src\Modules\Jobs\Jobs.Infrastructure\Jobs.Infrastructure.csproj", "{CCB0F67F-9147-41F7-BDCF-B0BBCC5FFB13}"
EndProject
Project("{2150E333-8FDC-42A3-9474-1A3956D46DE8}") = "Audit", "Audit", "{2686F06D-52F8-2CCF-27BA-68DBF9B181AC}"
EndProject
Project("{FAE04EC0-301F-11D3-BF4B-00C04F79EFBC}") = "Audit.Contracts", "src\Modules\Audit\Audit.Contracts\Audit.Contracts.csproj", "{564E1B97-F456-41C0-9CF9-E0688C27852C}"
EndProject
Project("{FAE04EC0-301F-11D3-BF4B-00C04F79EFBC}") = "Audit.Application", "src\Modules\Audit\Audit.Application\Audit.Application.csproj", "{E8172513-7D0C-45D2-9CB6-176622730379}"
EndProject
Project("{FAE04EC0-301F-11D3-BF4B-00C04F79EFBC}") = "Audit.Infrastructure", "src\Modules\Audit\Audit.Infrastructure\Audit.Infrastructure.csproj", "{D102D567-5F98-4306-9393-1F421EE5BD18}"
EndProject
Project("{FAE04EC0-301F-11D3-BF4B-00C04F79EFBC}") = "Audit.Api", "src\Modules\Audit\Audit.Api\Audit.Api.csproj", "{1127BD56-712B-4C1A-95F8-E660238BDA9F}"
EndProject
Project("{2150E333-8FDC-42A3-9474-1A3956D46DE8}") = "Webhooks", "Webhooks", "{9AF29A12-BB34-7321-2DCE-315311A5B818}"
EndProject
Project("{FAE04EC0-301F-11D3-BF4B-00C04F79EFBC}") = "Webhooks.Contracts", "src\Modules\Webhooks\Webhooks.Contracts\Webhooks.Contracts.csproj", "{13EB73BF-BC00-45EC-AFD4-FF5EEEC9A37C}"
EndProject
Project("{FAE04EC0-301F-11D3-BF4B-00C04F79EFBC}") = "Webhooks.Domain", "src\Modules\Webhooks\Webhooks.Domain\Webhooks.Domain.csproj", "{BF37997B-8934-4ED9-9DDB-34CC96230A0B}"
EndProject
Project("{FAE04EC0-301F-11D3-BF4B-00C04F79EFBC}") = "Webhooks.Application", "src\Modules\Webhooks\Webhooks.Application\Webhooks.Application.csproj", "{578088CA-8CEC-414A-8128-A5F832843532}"
EndProject
Project("{FAE04EC0-301F-11D3-BF4B-00C04F79EFBC}") = "Webhooks.Infrastructure", "src\Modules\Webhooks\Webhooks.Infrastructure\Webhooks.Infrastructure.csproj", "{AF74E91B-46B6-4EAA-8954-96B7FAFAA22D}"
EndProject
Project("{FAE04EC0-301F-11D3-BF4B-00C04F79EFBC}") = "Webhooks.Api", "src\Modules\Webhooks\Webhooks.Api\Webhooks.Api.csproj", "{EED51FC6-D1AE-4FC2-BC4E-750D025A16EE}"
EndProject
Project("{2150E333-8FDC-42A3-9474-1A3956D46DE8}") = "Search", "Search", "{21F04A87-C56C-4C97-A4AA-0F529801D89E}"
EndProject
Project("{FAE04EC0-301F-11D3-BF4B-00C04F79EFBC}") = "Search.Application", "src\Modules\Search\Search.Application\Search.Application.csproj", "{F787BA11-9749-47B7-9AB7-2EA9B76126B9}"
EndProject
Project("{FAE04EC0-301F-11D3-BF4B-00C04F79EFBC}") = "Search.Infrastructure", "src\Modules\Search\Search.Infrastructure\Search.Infrastructure.csproj", "{66EF6601-A554-4D85-8673-240792766784}"
EndProject
Project("{2150E333-8FDC-42A3-9474-1A3956D46DE8}") = "Realtime", "Realtime", "{4707B65C-E1A2-5D51-B6E3-032CFE8EC7CC}"
EndProject
Project("{FAE04EC0-301F-11D3-BF4B-00C04F79EFBC}") = "Realtime.Application", "src\Modules\Realtime\Realtime.Application\Realtime.Application.csproj", "{7BDC858B-C9CE-4355-AF19-427F9A6285D1}"
EndProject
Project("{FAE04EC0-301F-11D3-BF4B-00C04F79EFBC}") = "Realtime.Infrastructure", "src\Modules\Realtime\Realtime.Infrastructure\Realtime.Infrastructure.csproj", "{F8DD83B0-4718-4905-9E8E-1A4044AB180D}"
EndProject
Project("{FAE04EC0-301F-11D3-BF4B-00C04F79EFBC}") = "Realtime.Api", "src\Modules\Realtime\Realtime.Api\Realtime.Api.csproj", "{F2168CDC-9683-4AB8-A2EB-890F25DCE22B}"
EndProject
Project("{FAE04EC0-301F-11D3-BF4B-00C04F79EFBC}") = "SaasBuilder.Modules.Phase5Tests", "tests\SaasBuilder.Modules.Phase5Tests\SaasBuilder.Modules.Phase5Tests.csproj", "{E3D9FFBF-1E1B-4856-BE31-A05E930A3CDD}"
EndProject
Project("{FAE04EC0-301F-11D3-BF4B-00C04F79EFBC}") = "SaasBuilder.Tenancy", "src\SaasBuilder.Tenancy\SaasBuilder.Tenancy.csproj", "{A4B5C6D7-E8F9-0123-ABCD-EF4567890123}"
EndProject
Project("{FAE04EC0-301F-11D3-BF4B-00C04F79EFBC}") = "SaasBuilder.Tenancy.Tests", "tests\SaasBuilder.Tenancy.Tests\SaasBuilder.Tenancy.Tests.csproj", "{B5C6D7E8-F9A0-1234-BCDE-F05678901234}"
EndProject
Global
	GlobalSection(SolutionConfigurationPlatforms) = preSolution
		Debug|Any CPU = Debug|Any CPU
		Debug|x64 = Debug|x64
		Debug|x86 = Debug|x86
		Release|Any CPU = Release|Any CPU
		Release|x64 = Release|x64
		Release|x86 = Release|x86
	EndGlobalSection
	GlobalSection(ProjectConfigurationPlatforms) = postSolution
		{B06D1509-30DA-4B75-87BF-12FC3590EA73}.Debug|Any CPU.ActiveCfg = Debug|Any CPU
		{B06D1509-30DA-4B75-87BF-12FC3590EA73}.Debug|Any CPU.Build.0 = Debug|Any CPU
		{B06D1509-30DA-4B75-87BF-12FC3590EA73}.Debug|x64.ActiveCfg = Debug|Any CPU
		{B06D1509-30DA-4B75-87BF-12FC3590EA73}.Debug|x64.Build.0 = Debug|Any CPU
		{B06D1509-30DA-4B75-87BF-12FC3590EA73}.Debug|x86.ActiveCfg = Debug|Any CPU
		{B06D1509-30DA-4B75-87BF-12FC3590EA73}.Debug|x86.Build.0 = Debug|Any CPU
		{B06D1509-30DA-4B75-87BF-12FC3590EA73}.Release|Any CPU.ActiveCfg = Release|Any CPU
		{B06D1509-30DA-4B75-87BF-12FC3590EA73}.Release|Any CPU.Build.0 = Release|Any CPU
		{B06D1509-30DA-4B75-87BF-12FC3590EA73}.Release|x64.ActiveCfg = Release|Any CPU
		{B06D1509-30DA-4B75-87BF-12FC3590EA73}.Release|x64.Build.0 = Release|Any CPU
		{B06D1509-30DA-4B75-87BF-12FC3590EA73}.Release|x86.ActiveCfg = Release|Any CPU
		{B06D1509-30DA-4B75-87BF-12FC3590EA73}.Release|x86.Build.0 = Release|Any CPU
		{C1A2B3D4-E5F6-7890-ABCD-EF1234567890}.Debug|Any CPU.ActiveCfg = Debug|Any CPU
		{C1A2B3D4-E5F6-7890-ABCD-EF1234567890}.Debug|Any CPU.Build.0 = Debug|Any CPU
		{C1A2B3D4-E5F6-7890-ABCD-EF1234567890}.Debug|x64.ActiveCfg = Debug|Any CPU
		{C1A2B3D4-E5F6-7890-ABCD-EF1234567890}.Debug|x64.Build.0 = Debug|Any CPU
		{C1A2B3D4-E5F6-7890-ABCD-EF1234567890}.Debug|x86.ActiveCfg = Debug|Any CPU
		{C1A2B3D4-E5F6-7890-ABCD-EF1234567890}.Debug|x86.Build.0 = Debug|Any CPU
		{C1A2B3D4-E5F6-7890-ABCD-EF1234567890}.Release|Any CPU.ActiveCfg = Release|Any CPU
		{C1A2B3D4-E5F6-7890-ABCD-EF1234567890}.Release|Any CPU.Build.0 = Release|Any CPU
		{C1A2B3D4-E5F6-7890-ABCD-EF1234567890}.Release|x64.ActiveCfg = Release|Any CPU
		{C1A2B3D4-E5F6-7890-ABCD-EF1234567890}.Release|x64.Build.0 = Release|Any CPU
		{C1A2B3D4-E5F6-7890-ABCD-EF1234567890}.Release|x86.ActiveCfg = Release|Any CPU
		{C1A2B3D4-E5F6-7890-ABCD-EF1234567890}.Release|x86.Build.0 = Release|Any CPU
		{D2E3F4A5-B6C7-8901-BCDE-F01234567891}.Debug|Any CPU.ActiveCfg = Debug|Any CPU
		{D2E3F4A5-B6C7-8901-BCDE-F01234567891}.Debug|Any CPU.Build.0 = Debug|Any CPU
		{D2E3F4A5-B6C7-8901-BCDE-F01234567891}.Debug|x64.ActiveCfg = Debug|Any CPU
		{D2E3F4A5-B6C7-8901-BCDE-F01234567891}.Debug|x64.Build.0 = Debug|Any CPU
		{D2E3F4A5-B6C7-8901-BCDE-F01234567891}.Debug|x86.ActiveCfg = Debug|Any CPU
		{D2E3F4A5-B6C7-8901-BCDE-F01234567891}.Debug|x86.Build.0 = Debug|Any CPU
		{D2E3F4A5-B6C7-8901-BCDE-F01234567891}.Release|Any CPU.ActiveCfg = Release|Any CPU
		{D2E3F4A5-B6C7-8901-BCDE-F01234567891}.Release|Any CPU.Build.0 = Release|Any CPU
		{D2E3F4A5-B6C7-8901-BCDE-F01234567891}.Release|x64.ActiveCfg = Release|Any CPU
		{D2E3F4A5-B6C7-8901-BCDE-F01234567891}.Release|x64.Build.0 = Release|Any CPU
		{D2E3F4A5-B6C7-8901-BCDE-F01234567891}.Release|x86.ActiveCfg = Release|Any CPU
		{D2E3F4A5-B6C7-8901-BCDE-F01234567891}.Release|x86.Build.0 = Release|Any CPU
		{AF4AE465-79A6-4A9A-BC2C-4564F36EE918}.Debug|Any CPU.ActiveCfg = Debug|Any CPU
		{AF4AE465-79A6-4A9A-BC2C-4564F36EE918}.Debug|Any CPU.Build.0 = Debug|Any CPU
		{AF4AE465-79A6-4A9A-BC2C-4564F36EE918}.Debug|x64.ActiveCfg = Debug|Any CPU
		{AF4AE465-79A6-4A9A-BC2C-4564F36EE918}.Debug|x64.Build.0 = Debug|Any CPU
		{AF4AE465-79A6-4A9A-BC2C-4564F36EE918}.Debug|x86.ActiveCfg = Debug|Any CPU
		{AF4AE465-79A6-4A9A-BC2C-4564F36EE918}.Debug|x86.Build.0 = Debug|Any CPU
		{AF4AE465-79A6-4A9A-BC2C-4564F36EE918}.Release|Any CPU.ActiveCfg = Release|Any CPU
		{AF4AE465-79A6-4A9A-BC2C-4564F36EE918}.Release|Any CPU.Build.0 = Release|Any CPU
		{AF4AE465-79A6-4A9A-BC2C-4564F36EE918}.Release|x64.ActiveCfg = Release|Any CPU
		{AF4AE465-79A6-4A9A-BC2C-4564F36EE918}.Release|x64.Build.0 = Release|Any CPU
		{AF4AE465-79A6-4A9A-BC2C-4564F36EE918}.Release|x86.ActiveCfg = Release|Any CPU
		{AF4AE465-79A6-4A9A-BC2C-4564F36EE918}.Release|x86.Build.0 = Release|Any CPU
		{6FA985A6-0E06-48EB-B518-466753C5522A}.Debug|Any CPU.ActiveCfg = Debug|Any CPU
		{6FA985A6-0E06-48EB-B518-466753C5522A}.Debug|Any CPU.Build.0 = Debug|Any CPU
		{6FA985A6-0E06-48EB-B518-466753C5522A}.Debug|x64.ActiveCfg = Debug|Any CPU
		{6FA985A6-0E06-48EB-B518-466753C5522A}.Debug|x64.Build.0 = Debug|Any CPU
		{6FA985A6-0E06-48EB-B518-466753C5522A}.Debug|x86.ActiveCfg = Debug|Any CPU
		{6FA985A6-0E06-48EB-B518-466753C5522A}.Debug|x86.Build.0 = Debug|Any CPU
		{6FA985A6-0E06-48EB-B518-466753C5522A}.Release|Any CPU.ActiveCfg = Release|Any CPU
		{6FA985A6-0E06-48EB-B518-466753C5522A}.Release|Any CPU.Build.0 = Release|Any CPU
		{6FA985A6-0E06-48EB-B518-466753C5522A}.Release|x64.ActiveCfg = Release|Any CPU
		{6FA985A6-0E06-48EB-B518-466753C5522A}.Release|x64.Build.0 = Release|Any CPU
		{6FA985A6-0E06-48EB-B518-466753C5522A}.Release|x86.ActiveCfg = Release|Any CPU
		{6FA985A6-0E06-48EB-B518-466753C5522A}.Release|x86.Build.0 = Release|Any CPU
		{E3F4A5B6-C7D8-9012-CDEF-012345678902}.Debug|Any CPU.ActiveCfg = Debug|Any CPU
		{E3F4A5B6-C7D8-9012-CDEF-012345678902}.Debug|Any CPU.Build.0 = Debug|Any CPU
		{E3F4A5B6-C7D8-9012-CDEF-012345678902}.Debug|x64.ActiveCfg = Debug|Any CPU
		{E3F4A5B6-C7D8-9012-CDEF-012345678902}.Debug|x64.Build.0 = Debug|Any CPU
		{E3F4A5B6-C7D8-9012-CDEF-012345678902}.Debug|x86.ActiveCfg = Debug|Any CPU
		{E3F4A5B6-C7D8-9012-CDEF-012345678902}.Debug|x86.Build.0 = Debug|Any CPU
		{E3F4A5B6-C7D8-9012-CDEF-012345678902}.Release|Any CPU.ActiveCfg = Release|Any CPU
		{E3F4A5B6-C7D8-9012-CDEF-012345678902}.Release|Any CPU.Build.0 = Release|Any CPU
		{E3F4A5B6-C7D8-9012-CDEF-012345678902}.Release|x64.ActiveCfg = Release|Any CPU
		{E3F4A5B6-C7D8-9012-CDEF-012345678902}.Release|x64.Build.0 = Release|Any CPU
		{E3F4A5B6-C7D8-9012-CDEF-012345678902}.Release|x86.ActiveCfg = Release|Any CPU
		{E3F4A5B6-C7D8-9012-CDEF-012345678902}.Release|x86.Build.0 = Release|Any CPU
		{F1E2D3C4-B5A6-9870-FEDC-BA9876543210}.Debug|Any CPU.ActiveCfg = Debug|Any CPU
		{F1E2D3C4-B5A6-9870-FEDC-BA9876543210}.Debug|Any CPU.Build.0 = Debug|Any CPU
		{F1E2D3C4-B5A6-9870-FEDC-BA9876543210}.Debug|x64.ActiveCfg = Debug|Any CPU
		{F1E2D3C4-B5A6-9870-FEDC-BA9876543210}.Debug|x64.Build.0 = Debug|Any CPU
		{F1E2D3C4-B5A6-9870-FEDC-BA9876543210}.Debug|x86.ActiveCfg = Debug|Any CPU
		{F1E2D3C4-B5A6-9870-FEDC-BA9876543210}.Debug|x86.Build.0 = Debug|Any CPU
		{F1E2D3C4-B5A6-9870-FEDC-BA9876543210}.Release|Any CPU.ActiveCfg = Release|Any CPU
		{F1E2D3C4-B5A6-9870-FEDC-BA9876543210}.Release|Any CPU.Build.0 = Release|Any CPU
		{F1E2D3C4-B5A6-9870-FEDC-BA9876543210}.Release|x64.ActiveCfg = Release|Any CPU
		{F1E2D3C4-B5A6-9870-FEDC-BA9876543210}.Release|x64.Build.0 = Release|Any CPU
		{F1E2D3C4-B5A6-9870-FEDC-BA9876543210}.Release|x86.ActiveCfg = Release|Any CPU
		{F1E2D3C4-B5A6-9870-FEDC-BA9876543210}.Release|x86.Build.0 = Release|Any CPU
		{F1E2D3C4-B5A6-9870-FEDC-BA9876543211}.Debug|Any CPU.ActiveCfg = Debug|Any CPU
		{F1E2D3C4-B5A6-9870-FEDC-BA9876543211}.Debug|Any CPU.Build.0 = Debug|Any CPU
		{F1E2D3C4-B5A6-9870-FEDC-BA9876543211}.Debug|x64.ActiveCfg = Debug|Any CPU
		{F1E2D3C4-B5A6-9870-FEDC-BA9876543211}.Debug|x64.Build.0 = Debug|Any CPU
		{F1E2D3C4-B5A6-9870-FEDC-BA9876543211}.Debug|x86.ActiveCfg = Debug|Any CPU
		{F1E2D3C4-B5A6-9870-FEDC-BA9876543211}.Debug|x86.Build.0 = Debug|Any CPU
		{F1E2D3C4-B5A6-9870-FEDC-BA9876543211}.Release|Any CPU.ActiveCfg = Release|Any CPU
		{F1E2D3C4-B5A6-9870-FEDC-BA9876543211}.Release|Any CPU.Build.0 = Release|Any CPU
		{F1E2D3C4-B5A6-9870-FEDC-BA9876543211}.Release|x64.ActiveCfg = Release|Any CPU
		{F1E2D3C4-B5A6-9870-FEDC-BA9876543211}.Release|x64.Build.0 = Release|Any CPU
		{F1E2D3C4-B5A6-9870-FEDC-BA9876543211}.Release|x86.ActiveCfg = Release|Any CPU
		{F1E2D3C4-B5A6-9870-FEDC-BA9876543211}.Release|x86.Build.0 = Release|Any CPU
		{F1E2D3C4-B5A6-9870-FEDC-BA9876543212}.Debug|Any CPU.ActiveCfg = Debug|Any CPU
		{F1E2D3C4-B5A6-9870-FEDC-BA9876543212}.Debug|Any CPU.Build.0 = Debug|Any CPU
		{F1E2D3C4-B5A6-9870-FEDC-BA9876543212}.Debug|x64.ActiveCfg = Debug|Any CPU
		{F1E2D3C4-B5A6-9870-FEDC-BA9876543212}.Debug|x64.Build.0 = Debug|Any CPU
		{F1E2D3C4-B5A6-9870-FEDC-BA9876543212}.Debug|x86.ActiveCfg = Debug|Any CPU
		{F1E2D3C4-B5A6-9870-FEDC-BA9876543212}.Debug|x86.Build.0 = Debug|Any CPU
		{F1E2D3C4-B5A6-9870-FEDC-BA9876543212}.Release|Any CPU.ActiveCfg = Release|Any CPU
		{F1E2D3C4-B5A6-9870-FEDC-BA9876543212}.Release|Any CPU.Build.0 = Release|Any CPU
		{F1E2D3C4-B5A6-9870-FEDC-BA9876543212}.Release|x64.ActiveCfg = Release|Any CPU
		{F1E2D3C4-B5A6-9870-FEDC-BA9876543212}.Release|x64.Build.0 = Release|Any CPU
		{F1E2D3C4-B5A6-9870-FEDC-BA9876543212}.Release|x86.ActiveCfg = Release|Any CPU
		{F1E2D3C4-B5A6-9870-FEDC-BA9876543212}.Release|x86.Build.0 = Release|Any CPU
		{F1E2D3C4-B5A6-9870-FEDC-BA9876543213}.Debug|Any CPU.ActiveCfg = Debug|Any CPU
		{F1E2D3C4-B5A6-9870-FEDC-BA9876543213}.Debug|Any CPU.Build.0 = Debug|Any CPU
		{F1E2D3C4-B5A6-9870-FEDC-BA9876543213}.Debug|x64.ActiveCfg = Debug|Any CPU
		{F1E2D3C4-B5A6-9870-FEDC-BA9876543213}.Debug|x64.Build.0 = Debug|Any CPU
		{F1E2D3C4-B5A6-9870-FEDC-BA9876543213}.Debug|x86.ActiveCfg = Debug|Any CPU
		{F1E2D3C4-B5A6-9870-FEDC-BA9876543213}.Debug|x86.Build.0 = Debug|Any CPU
		{F1E2D3C4-B5A6-9870-FEDC-BA9876543213}.Release|Any CPU.ActiveCfg = Release|Any CPU
		{F1E2D3C4-B5A6-9870-FEDC-BA9876543213}.Release|Any CPU.Build.0 = Release|Any CPU
		{F1E2D3C4-B5A6-9870-FEDC-BA9876543213}.Release|x64.ActiveCfg = Release|Any CPU
		{F1E2D3C4-B5A6-9870-FEDC-BA9876543213}.Release|x64.Build.0 = Release|Any CPU
		{F1E2D3C4-B5A6-9870-FEDC-BA9876543213}.Release|x86.ActiveCfg = Release|Any CPU
		{F1E2D3C4-B5A6-9870-FEDC-BA9876543213}.Release|x86.Build.0 = Release|Any CPU
		{F1E2D3C4-B5A6-9870-FEDC-BA9876543214}.Debug|Any CPU.ActiveCfg = Debug|Any CPU
		{F1E2D3C4-B5A6-9870-FEDC-BA9876543214}.Debug|Any CPU.Build.0 = Debug|Any CPU
		{F1E2D3C4-B5A6-9870-FEDC-BA9876543214}.Debug|x64.ActiveCfg = Debug|Any CPU
		{F1E2D3C4-B5A6-9870-FEDC-BA9876543214}.Debug|x64.Build.0 = Debug|Any CPU
		{F1E2D3C4-B5A6-9870-FEDC-BA9876543214}.Debug|x86.ActiveCfg = Debug|Any CPU
		{F1E2D3C4-B5A6-9870-FEDC-BA9876543214}.Debug|x86.Build.0 = Debug|Any CPU
		{F1E2D3C4-B5A6-9870-FEDC-BA9876543214}.Release|Any CPU.ActiveCfg = Release|Any CPU
		{F1E2D3C4-B5A6-9870-FEDC-BA9876543214}.Release|Any CPU.Build.0 = Release|Any CPU
		{F1E2D3C4-B5A6-9870-FEDC-BA9876543214}.Release|x64.ActiveCfg = Release|Any CPU
		{F1E2D3C4-B5A6-9870-FEDC-BA9876543214}.Release|x64.Build.0 = Release|Any CPU
		{F1E2D3C4-B5A6-9870-FEDC-BA9876543214}.Release|x86.ActiveCfg = Release|Any CPU
		{F1E2D3C4-B5A6-9870-FEDC-BA9876543214}.Release|x86.Build.0 = Release|Any CPU
		{F2E3D4C5-A6B7-8901-FEDC-CA0987654320}.Debug|Any CPU.ActiveCfg = Debug|Any CPU
		{F2E3D4C5-A6B7-8901-FEDC-CA0987654320}.Debug|Any CPU.Build.0 = Debug|Any CPU
		{F2E3D4C5-A6B7-8901-FEDC-CA0987654320}.Debug|x64.ActiveCfg = Debug|Any CPU
		{F2E3D4C5-A6B7-8901-FEDC-CA0987654320}.Debug|x64.Build.0 = Debug|Any CPU
		{F2E3D4C5-A6B7-8901-FEDC-CA0987654320}.Debug|x86.ActiveCfg = Debug|Any CPU
		{F2E3D4C5-A6B7-8901-FEDC-CA0987654320}.Debug|x86.Build.0 = Debug|Any CPU
		{F2E3D4C5-A6B7-8901-FEDC-CA0987654320}.Release|Any CPU.ActiveCfg = Release|Any CPU
		{F2E3D4C5-A6B7-8901-FEDC-CA0987654320}.Release|Any CPU.Build.0 = Release|Any CPU
		{F2E3D4C5-A6B7-8901-FEDC-CA0987654320}.Release|x64.ActiveCfg = Release|Any CPU
		{F2E3D4C5-A6B7-8901-FEDC-CA0987654320}.Release|x64.Build.0 = Release|Any CPU
		{F2E3D4C5-A6B7-8901-FEDC-CA0987654320}.Release|x86.ActiveCfg = Release|Any CPU
		{F2E3D4C5-A6B7-8901-FEDC-CA0987654320}.Release|x86.Build.0 = Release|Any CPU
		{F2E3D4C5-A6B7-8901-FEDC-CA0987654321}.Debug|Any CPU.ActiveCfg = Debug|Any CPU
		{F2E3D4C5-A6B7-8901-FEDC-CA0987654321}.Debug|Any CPU.Build.0 = Debug|Any CPU
		{F2E3D4C5-A6B7-8901-FEDC-CA0987654321}.Debug|x64.ActiveCfg = Debug|Any CPU
		{F2E3D4C5-A6B7-8901-FEDC-CA0987654321}.Debug|x64.Build.0 = Debug|Any CPU
		{F2E3D4C5-A6B7-8901-FEDC-CA0987654321}.Debug|x86.ActiveCfg = Debug|Any CPU
		{F2E3D4C5-A6B7-8901-FEDC-CA0987654321}.Debug|x86.Build.0 = Debug|Any CPU
		{F2E3D4C5-A6B7-8901-FEDC-CA0987654321}.Release|Any CPU.ActiveCfg = Release|Any CPU
		{F2E3D4C5-A6B7-8901-FEDC-CA0987654321}.Release|Any CPU.Build.0 = Release|Any CPU
		{F2E3D4C5-A6B7-8901-FEDC-CA0987654321}.Release|x64.ActiveCfg = Release|Any CPU
		{F2E3D4C5-A6B7-8901-FEDC-CA0987654321}.Release|x64.Build.0 = Release|Any CPU
		{F2E3D4C5-A6B7-8901-FEDC-CA0987654321}.Release|x86.ActiveCfg = Release|Any CPU
		{F2E3D4C5-A6B7-8901-FEDC-CA0987654321}.Release|x86.Build.0 = Release|Any CPU
		{F2E3D4C5-A6B7-8901-FEDC-CA0987654322}.Debug|Any CPU.ActiveCfg = Debug|Any CPU
		{F2E3D4C5-A6B7-8901-FEDC-CA0987654322}.Debug|Any CPU.Build.0 = Debug|Any CPU
		{F2E3D4C5-A6B7-8901-FEDC-CA0987654322}.Debug|x64.ActiveCfg = Debug|Any CPU
		{F2E3D4C5-A6B7-8901-FEDC-CA0987654322}.Debug|x64.Build.0 = Debug|Any CPU
		{F2E3D4C5-A6B7-8901-FEDC-CA0987654322}.Debug|x86.ActiveCfg = Debug|Any CPU
		{F2E3D4C5-A6B7-8901-FEDC-CA0987654322}.Debug|x86.Build.0 = Debug|Any CPU
		{F2E3D4C5-A6B7-8901-FEDC-CA0987654322}.Release|Any CPU.ActiveCfg = Release|Any CPU
		{F2E3D4C5-A6B7-8901-FEDC-CA0987654322}.Release|Any CPU.Build.0 = Release|Any CPU
		{F2E3D4C5-A6B7-8901-FEDC-CA0987654322}.Release|x64.ActiveCfg = Release|Any CPU
		{F2E3D4C5-A6B7-8901-FEDC-CA0987654322}.Release|x64.Build.0 = Release|Any CPU
		{F2E3D4C5-A6B7-8901-FEDC-CA0987654322}.Release|x86.ActiveCfg = Release|Any CPU
		{F2E3D4C5-A6B7-8901-FEDC-CA0987654322}.Release|x86.Build.0 = Release|Any CPU
		{F2E3D4C5-A6B7-8901-FEDC-CA0987654323}.Debug|Any CPU.ActiveCfg = Debug|Any CPU
		{F2E3D4C5-A6B7-8901-FEDC-CA0987654323}.Debug|Any CPU.Build.0 = Debug|Any CPU
		{F2E3D4C5-A6B7-8901-FEDC-CA0987654323}.Debug|x64.ActiveCfg = Debug|Any CPU
		{F2E3D4C5-A6B7-8901-FEDC-CA0987654323}.Debug|x64.Build.0 = Debug|Any CPU
		{F2E3D4C5-A6B7-8901-FEDC-CA0987654323}.Debug|x86.ActiveCfg = Debug|Any CPU
		{F2E3D4C5-A6B7-8901-FEDC-CA0987654323}.Debug|x86.Build.0 = Debug|Any CPU
		{F2E3D4C5-A6B7-8901-FEDC-CA0987654323}.Release|Any CPU.ActiveCfg = Release|Any CPU
		{F2E3D4C5-A6B7-8901-FEDC-CA0987654323}.Release|Any CPU.Build.0 = Release|Any CPU
		{F2E3D4C5-A6B7-8901-FEDC-CA0987654323}.Release|x64.ActiveCfg = Release|Any CPU
		{F2E3D4C5-A6B7-8901-FEDC-CA0987654323}.Release|x64.Build.0 = Release|Any CPU
		{F2E3D4C5-A6B7-8901-FEDC-CA0987654323}.Release|x86.ActiveCfg = Release|Any CPU
		{F2E3D4C5-A6B7-8901-FEDC-CA0987654323}.Release|x86.Build.0 = Release|Any CPU
		{F2E3D4C5-A6B7-8901-FEDC-CA0987654324}.Debug|Any CPU.ActiveCfg = Debug|Any CPU
		{F2E3D4C5-A6B7-8901-FEDC-CA0987654324}.Debug|Any CPU.Build.0 = Debug|Any CPU
		{F2E3D4C5-A6B7-8901-FEDC-CA0987654324}.Debug|x64.ActiveCfg = Debug|Any CPU
		{F2E3D4C5-A6B7-8901-FEDC-CA0987654324}.Debug|x64.Build.0 = Debug|Any CPU
		{F2E3D4C5-A6B7-8901-FEDC-CA0987654324}.Debug|x86.ActiveCfg = Debug|Any CPU
		{F2E3D4C5-A6B7-8901-FEDC-CA0987654324}.Debug|x86.Build.0 = Debug|Any CPU
		{F2E3D4C5-A6B7-8901-FEDC-CA0987654324}.Release|Any CPU.ActiveCfg = Release|Any CPU
		{F2E3D4C5-A6B7-8901-FEDC-CA0987654324}.Release|Any CPU.Build.0 = Release|Any CPU
		{F2E3D4C5-A6B7-8901-FEDC-CA0987654324}.Release|x64.ActiveCfg = Release|Any CPU
		{F2E3D4C5-A6B7-8901-FEDC-CA0987654324}.Release|x64.Build.0 = Release|Any CPU
		{F2E3D4C5-A6B7-8901-FEDC-CA0987654324}.Release|x86.ActiveCfg = Release|Any CPU
		{F2E3D4C5-A6B7-8901-FEDC-CA0987654324}.Release|x86.Build.0 = Release|Any CPU
		{F3E4D5C6-B7A8-9012-FEDC-DB1098765430}.Debug|Any CPU.ActiveCfg = Debug|Any CPU
		{F3E4D5C6-B7A8-9012-FEDC-DB1098765430}.Debug|Any CPU.Build.0 = Debug|Any CPU
		{F3E4D5C6-B7A8-9012-FEDC-DB1098765430}.Debug|x64.ActiveCfg = Debug|Any CPU
		{F3E4D5C6-B7A8-9012-FEDC-DB1098765430}.Debug|x64.Build.0 = Debug|Any CPU
		{F3E4D5C6-B7A8-9012-FEDC-DB1098765430}.Debug|x86.ActiveCfg = Debug|Any CPU
		{F3E4D5C6-B7A8-9012-FEDC-DB1098765430}.Debug|x86.Build.0 = Debug|Any CPU
		{F3E4D5C6-B7A8-9012-FEDC-DB1098765430}.Release|Any CPU.ActiveCfg = Release|Any CPU
		{F3E4D5C6-B7A8-9012-FEDC-DB1098765430}.Release|Any CPU.Build.0 = Release|Any CPU
		{F3E4D5C6-B7A8-9012-FEDC-DB1098765430}.Release|x64.ActiveCfg = Release|Any CPU
		{F3E4D5C6-B7A8-9012-FEDC-DB1098765430}.Release|x64.Build.0 = Release|Any CPU
		{F3E4D5C6-B7A8-9012-FEDC-DB1098765430}.Release|x86.ActiveCfg = Release|Any CPU
		{F3E4D5C6-B7A8-9012-FEDC-DB1098765430}.Release|x86.Build.0 = Release|Any CPU
		{F3E4D5C6-B7A8-9012-FEDC-DB1098765431}.Debug|Any CPU.ActiveCfg = Debug|Any CPU
		{F3E4D5C6-B7A8-9012-FEDC-DB1098765431}.Debug|Any CPU.Build.0 = Debug|Any CPU
		{F3E4D5C6-B7A8-9012-FEDC-DB1098765431}.Debug|x64.ActiveCfg = Debug|Any CPU
		{F3E4D5C6-B7A8-9012-FEDC-DB1098765431}.Debug|x64.Build.0 = Debug|Any CPU
		{F3E4D5C6-B7A8-9012-FEDC-DB1098765431}.Debug|x86.ActiveCfg = Debug|Any CPU
		{F3E4D5C6-B7A8-9012-FEDC-DB1098765431}.Debug|x86.Build.0 = Debug|Any CPU
		{F3E4D5C6-B7A8-9012-FEDC-DB1098765431}.Release|Any CPU.ActiveCfg = Release|Any CPU
		{F3E4D5C6-B7A8-9012-FEDC-DB1098765431}.Release|Any CPU.Build.0 = Release|Any CPU
		{F3E4D5C6-B7A8-9012-FEDC-DB1098765431}.Release|x64.ActiveCfg = Release|Any CPU
		{F3E4D5C6-B7A8-9012-FEDC-DB1098765431}.Release|x64.Build.0 = Release|Any CPU
		{F3E4D5C6-B7A8-9012-FEDC-DB1098765431}.Release|x86.ActiveCfg = Release|Any CPU
		{F3E4D5C6-B7A8-9012-FEDC-DB1098765431}.Release|x86.Build.0 = Release|Any CPU
		{F3E4D5C6-B7A8-9012-FEDC-DB1098765432}.Debug|Any CPU.ActiveCfg = Debug|Any CPU
		{F3E4D5C6-B7A8-9012-FEDC-DB1098765432}.Debug|Any CPU.Build.0 = Debug|Any CPU
		{F3E4D5C6-B7A8-9012-FEDC-DB1098765432}.Debug|x64.ActiveCfg = Debug|Any CPU
		{F3E4D5C6-B7A8-9012-FEDC-DB1098765432}.Debug|x64.Build.0 = Debug|Any CPU
		{F3E4D5C6-B7A8-9012-FEDC-DB1098765432}.Debug|x86.ActiveCfg = Debug|Any CPU
		{F3E4D5C6-B7A8-9012-FEDC-DB1098765432}.Debug|x86.Build.0 = Debug|Any CPU
		{F3E4D5C6-B7A8-9012-FEDC-DB1098765432}.Release|Any CPU.ActiveCfg = Release|Any CPU
		{F3E4D5C6-B7A8-9012-FEDC-DB1098765432}.Release|Any CPU.Build.0 = Release|Any CPU
		{F3E4D5C6-B7A8-9012-FEDC-DB1098765432}.Release|x64.ActiveCfg = Release|Any CPU
		{F3E4D5C6-B7A8-9012-FEDC-DB1098765432}.Release|x64.Build.0 = Release|Any CPU
		{F3E4D5C6-B7A8-9012-FEDC-DB1098765432}.Release|x86.ActiveCfg = Release|Any CPU
		{F3E4D5C6-B7A8-9012-FEDC-DB1098765432}.Release|x86.Build.0 = Release|Any CPU
		{F3E4D5C6-B7A8-9012-FEDC-DB1098765433}.Debug|Any CPU.ActiveCfg = Debug|Any CPU
		{F3E4D5C6-B7A8-9012-FEDC-DB1098765433}.Debug|Any CPU.Build.0 = Debug|Any CPU
		{F3E4D5C6-B7A8-9012-FEDC-DB1098765433}.Debug|x64.ActiveCfg = Debug|Any CPU
		{F3E4D5C6-B7A8-9012-FEDC-DB1098765433}.Debug|x64.Build.0 = Debug|Any CPU
		{F3E4D5C6-B7A8-9012-FEDC-DB1098765433}.Debug|x86.ActiveCfg = Debug|Any CPU
		{F3E4D5C6-B7A8-9012-FEDC-DB1098765433}.Debug|x86.Build.0 = Debug|Any CPU
		{F3E4D5C6-B7A8-9012-FEDC-DB1098765433}.Release|Any CPU.ActiveCfg = Release|Any CPU
		{F3E4D5C6-B7A8-9012-FEDC-DB1098765433}.Release|Any CPU.Build.0 = Release|Any CPU
		{F3E4D5C6-B7A8-9012-FEDC-DB1098765433}.Release|x64.ActiveCfg = Release|Any CPU
		{F3E4D5C6-B7A8-9012-FEDC-DB1098765433}.Release|x64.Build.0 = Release|Any CPU
		{F3E4D5C6-B7A8-9012-FEDC-DB1098765433}.Release|x86.ActiveCfg = Release|Any CPU
		{F3E4D5C6-B7A8-9012-FEDC-DB1098765433}.Release|x86.Build.0 = Release|Any CPU
		{F4E5D6C7-A8B9-0123-FEDC-EC2109876540}.Debug|Any CPU.ActiveCfg = Debug|Any CPU
		{F4E5D6C7-A8B9-0123-FEDC-EC2109876540}.Debug|Any CPU.Build.0 = Debug|Any CPU
		{F4E5D6C7-A8B9-0123-FEDC-EC2109876540}.Debug|x64.ActiveCfg = Debug|Any CPU
		{F4E5D6C7-A8B9-0123-FEDC-EC2109876540}.Debug|x64.Build.0 = Debug|Any CPU
		{F4E5D6C7-A8B9-0123-FEDC-EC2109876540}.Debug|x86.ActiveCfg = Debug|Any CPU
		{F4E5D6C7-A8B9-0123-FEDC-EC2109876540}.Debug|x86.Build.0 = Debug|Any CPU
		{F4E5D6C7-A8B9-0123-FEDC-EC2109876540}.Release|Any CPU.ActiveCfg = Release|Any CPU
		{F4E5D6C7-A8B9-0123-FEDC-EC2109876540}.Release|Any CPU.Build.0 = Release|Any CPU
		{F4E5D6C7-A8B9-0123-FEDC-EC2109876540}.Release|x64.ActiveCfg = Release|Any CPU
		{F4E5D6C7-A8B9-0123-FEDC-EC2109876540}.Release|x64.Build.0 = Release|Any CPU
		{F4E5D6C7-A8B9-0123-FEDC-EC2109876540}.Release|x86.ActiveCfg = Release|Any CPU
		{F4E5D6C7-A8B9-0123-FEDC-EC2109876540}.Release|x86.Build.0 = Release|Any CPU
		{F4E5D6C7-A8B9-0123-FEDC-EC2109876541}.Debug|Any CPU.ActiveCfg = Debug|Any CPU
		{F4E5D6C7-A8B9-0123-FEDC-EC2109876541}.Debug|Any CPU.Build.0 = Debug|Any CPU
		{F4E5D6C7-A8B9-0123-FEDC-EC2109876541}.Debug|x64.ActiveCfg = Debug|Any CPU
		{F4E5D6C7-A8B9-0123-FEDC-EC2109876541}.Debug|x64.Build.0 = Debug|Any CPU
		{F4E5D6C7-A8B9-0123-FEDC-EC2109876541}.Debug|x86.ActiveCfg = Debug|Any CPU
		{F4E5D6C7-A8B9-0123-FEDC-EC2109876541}.Debug|x86.Build.0 = Debug|Any CPU
		{F4E5D6C7-A8B9-0123-FEDC-EC2109876541}.Release|Any CPU.ActiveCfg = Release|Any CPU
		{F4E5D6C7-A8B9-0123-FEDC-EC2109876541}.Release|Any CPU.Build.0 = Release|Any CPU
		{F4E5D6C7-A8B9-0123-FEDC-EC2109876541}.Release|x64.ActiveCfg = Release|Any CPU
		{F4E5D6C7-A8B9-0123-FEDC-EC2109876541}.Release|x64.Build.0 = Release|Any CPU
		{F4E5D6C7-A8B9-0123-FEDC-EC2109876541}.Release|x86.ActiveCfg = Release|Any CPU
		{F4E5D6C7-A8B9-0123-FEDC-EC2109876541}.Release|x86.Build.0 = Release|Any CPU
		{F4E5D6C7-A8B9-0123-FEDC-EC2109876542}.Debug|Any CPU.ActiveCfg = Debug|Any CPU
		{F4E5D6C7-A8B9-0123-FEDC-EC2109876542}.Debug|Any CPU.Build.0 = Debug|Any CPU
		{F4E5D6C7-A8B9-0123-FEDC-EC2109876542}.Debug|x64.ActiveCfg = Debug|Any CPU
		{F4E5D6C7-A8B9-0123-FEDC-EC2109876542}.Debug|x64.Build.0 = Debug|Any CPU
		{F4E5D6C7-A8B9-0123-FEDC-EC2109876542}.Debug|x86.ActiveCfg = Debug|Any CPU
		{F4E5D6C7-A8B9-0123-FEDC-EC2109876542}.Debug|x86.Build.0 = Debug|Any CPU
		{F4E5D6C7-A8B9-0123-FEDC-EC2109876542}.Release|Any CPU.ActiveCfg = Release|Any CPU
		{F4E5D6C7-A8B9-0123-FEDC-EC2109876542}.Release|Any CPU.Build.0 = Release|Any CPU
		{F4E5D6C7-A8B9-0123-FEDC-EC2109876542}.Release|x64.ActiveCfg = Release|Any CPU
		{F4E5D6C7-A8B9-0123-FEDC-EC2109876542}.Release|x64.Build.0 = Release|Any CPU
		{F4E5D6C7-A8B9-0123-FEDC-EC2109876542}.Release|x86.ActiveCfg = Release|Any CPU
		{F4E5D6C7-A8B9-0123-FEDC-EC2109876542}.Release|x86.Build.0 = Release|Any CPU
		{F4E5D6C7-A8B9-0123-FEDC-EC2109876543}.Debug|Any CPU.ActiveCfg = Debug|Any CPU
		{F4E5D6C7-A8B9-0123-FEDC-EC2109876543}.Debug|Any CPU.Build.0 = Debug|Any CPU
		{F4E5D6C7-A8B9-0123-FEDC-EC2109876543}.Debug|x64.ActiveCfg = Debug|Any CPU
		{F4E5D6C7-A8B9-0123-FEDC-EC2109876543}.Debug|x64.Build.0 = Debug|Any CPU
		{F4E5D6C7-A8B9-0123-FEDC-EC2109876543}.Debug|x86.ActiveCfg = Debug|Any CPU
		{F4E5D6C7-A8B9-0123-FEDC-EC2109876543}.Debug|x86.Build.0 = Debug|Any CPU
		{F4E5D6C7-A8B9-0123-FEDC-EC2109876543}.Release|Any CPU.ActiveCfg = Release|Any CPU
		{F4E5D6C7-A8B9-0123-FEDC-EC2109876543}.Release|Any CPU.Build.0 = Release|Any CPU
		{F4E5D6C7-A8B9-0123-FEDC-EC2109876543}.Release|x64.ActiveCfg = Release|Any CPU
		{F4E5D6C7-A8B9-0123-FEDC-EC2109876543}.Release|x64.Build.0 = Release|Any CPU
		{F4E5D6C7-A8B9-0123-FEDC-EC2109876543}.Release|x86.ActiveCfg = Release|Any CPU
		{F4E5D6C7-A8B9-0123-FEDC-EC2109876543}.Release|x86.Build.0 = Release|Any CPU
		{A6B7C8D9-E0F1-2345-ABCD-EF1234567900}.Debug|Any CPU.ActiveCfg = Debug|Any CPU
		{A6B7C8D9-E0F1-2345-ABCD-EF1234567900}.Debug|Any CPU.Build.0 = Debug|Any CPU
		{A6B7C8D9-E0F1-2345-ABCD-EF1234567900}.Debug|x64.ActiveCfg = Debug|Any CPU
		{A6B7C8D9-E0F1-2345-ABCD-EF1234567900}.Debug|x64.Build.0 = Debug|Any CPU
		{A6B7C8D9-E0F1-2345-ABCD-EF1234567900}.Debug|x86.ActiveCfg = Debug|Any CPU
		{A6B7C8D9-E0F1-2345-ABCD-EF1234567900}.Debug|x86.Build.0 = Debug|Any CPU
		{A6B7C8D9-E0F1-2345-ABCD-EF1234567900}.Release|Any CPU.ActiveCfg = Release|Any CPU
		{A6B7C8D9-E0F1-2345-ABCD-EF1234567900}.Release|Any CPU.Build.0 = Release|Any CPU
		{A6B7C8D9-E0F1-2345-ABCD-EF1234567900}.Release|x64.ActiveCfg = Release|Any CPU
		{A6B7C8D9-E0F1-2345-ABCD-EF1234567900}.Release|x64.Build.0 = Release|Any CPU
		{A6B7C8D9-E0F1-2345-ABCD-EF1234567900}.Release|x86.ActiveCfg = Release|Any CPU
		{A6B7C8D9-E0F1-2345-ABCD-EF1234567900}.Release|x86.Build.0 = Release|Any CPU
		{E7F8A9B0-C1D2-3456-EFAB-012345678921}.Debug|Any CPU.ActiveCfg = Debug|Any CPU
		{E7F8A9B0-C1D2-3456-EFAB-012345678921}.Debug|Any CPU.Build.0 = Debug|Any CPU
		{E7F8A9B0-C1D2-3456-EFAB-012345678921}.Debug|x64.ActiveCfg = Debug|Any CPU
		{E7F8A9B0-C1D2-3456-EFAB-012345678921}.Debug|x64.Build.0 = Debug|Any CPU
		{E7F8A9B0-C1D2-3456-EFAB-012345678921}.Debug|x86.ActiveCfg = Debug|Any CPU
		{E7F8A9B0-C1D2-3456-EFAB-012345678921}.Debug|x86.Build.0 = Debug|Any CPU
		{E7F8A9B0-C1D2-3456-EFAB-012345678921}.Release|Any CPU.ActiveCfg = Release|Any CPU
		{E7F8A9B0-C1D2-3456-EFAB-012345678921}.Release|Any CPU.Build.0 = Release|Any CPU
		{E7F8A9B0-C1D2-3456-EFAB-012345678921}.Release|x64.ActiveCfg = Release|Any CPU
		{E7F8A9B0-C1D2-3456-EFAB-012345678921}.Release|x64.Build.0 = Release|Any CPU
		{E7F8A9B0-C1D2-3456-EFAB-012345678921}.Release|x86.ActiveCfg = Release|Any CPU
		{E7F8A9B0-C1D2-3456-EFAB-012345678921}.Release|x86.Build.0 = Release|Any CPU
		{A6B7C8D9-E0F1-2345-ABCD-EF1234567902}.Debug|Any CPU.ActiveCfg = Debug|Any CPU
		{A6B7C8D9-E0F1-2345-ABCD-EF1234567902}.Debug|Any CPU.Build.0 = Debug|Any CPU
		{A6B7C8D9-E0F1-2345-ABCD-EF1234567902}.Debug|x64.ActiveCfg = Debug|Any CPU
		{A6B7C8D9-E0F1-2345-ABCD-EF1234567902}.Debug|x64.Build.0 = Debug|Any CPU
		{A6B7C8D9-E0F1-2345-ABCD-EF1234567902}.Debug|x86.ActiveCfg = Debug|Any CPU
		{A6B7C8D9-E0F1-2345-ABCD-EF1234567902}.Debug|x86.Build.0 = Debug|Any CPU
		{A6B7C8D9-E0F1-2345-ABCD-EF1234567902}.Release|Any CPU.ActiveCfg = Release|Any CPU
		{A6B7C8D9-E0F1-2345-ABCD-EF1234567902}.Release|Any CPU.Build.0 = Release|Any CPU
		{A6B7C8D9-E0F1-2345-ABCD-EF1234567902}.Release|x64.ActiveCfg = Release|Any CPU
		{A6B7C8D9-E0F1-2345-ABCD-EF1234567902}.Release|x64.Build.0 = Release|Any CPU
		{A6B7C8D9-E0F1-2345-ABCD-EF1234567902}.Release|x86.ActiveCfg = Release|Any CPU
		{A6B7C8D9-E0F1-2345-ABCD-EF1234567902}.Release|x86.Build.0 = Release|Any CPU
		{A6B7C8D9-E0F1-2345-ABCD-EF1234567903}.Debug|Any CPU.ActiveCfg = Debug|Any CPU
		{A6B7C8D9-E0F1-2345-ABCD-EF1234567903}.Debug|Any CPU.Build.0 = Debug|Any CPU
		{A6B7C8D9-E0F1-2345-ABCD-EF1234567903}.Debug|x64.ActiveCfg = Debug|Any CPU
		{A6B7C8D9-E0F1-2345-ABCD-EF1234567903}.Debug|x64.Build.0 = Debug|Any CPU
		{A6B7C8D9-E0F1-2345-ABCD-EF1234567903}.Debug|x86.ActiveCfg = Debug|Any CPU
		{A6B7C8D9-E0F1-2345-ABCD-EF1234567903}.Debug|x86.Build.0 = Debug|Any CPU
		{A6B7C8D9-E0F1-2345-ABCD-EF1234567903}.Release|Any CPU.ActiveCfg = Release|Any CPU
		{A6B7C8D9-E0F1-2345-ABCD-EF1234567903}.Release|Any CPU.Build.0 = Release|Any CPU
		{A6B7C8D9-E0F1-2345-ABCD-EF1234567903}.Release|x64.ActiveCfg = Release|Any CPU
		{A6B7C8D9-E0F1-2345-ABCD-EF1234567903}.Release|x64.Build.0 = Release|Any CPU
		{A6B7C8D9-E0F1-2345-ABCD-EF1234567903}.Release|x86.ActiveCfg = Release|Any CPU
		{A6B7C8D9-E0F1-2345-ABCD-EF1234567903}.Release|x86.Build.0 = Release|Any CPU
		{A6B7C8D9-E0F1-2345-ABCD-EF1234567905}.Debug|Any CPU.ActiveCfg = Debug|Any CPU
		{A6B7C8D9-E0F1-2345-ABCD-EF1234567905}.Debug|Any CPU.Build.0 = Debug|Any CPU
		{A6B7C8D9-E0F1-2345-ABCD-EF1234567905}.Debug|x64.ActiveCfg = Debug|Any CPU
		{A6B7C8D9-E0F1-2345-ABCD-EF1234567905}.Debug|x64.Build.0 = Debug|Any CPU
		{A6B7C8D9-E0F1-2345-ABCD-EF1234567905}.Debug|x86.ActiveCfg = Debug|Any CPU
		{A6B7C8D9-E0F1-2345-ABCD-EF1234567905}.Debug|x86.Build.0 = Debug|Any CPU
		{A6B7C8D9-E0F1-2345-ABCD-EF1234567905}.Release|Any CPU.ActiveCfg = Release|Any CPU
		{A6B7C8D9-E0F1-2345-ABCD-EF1234567905}.Release|Any CPU.Build.0 = Release|Any CPU
		{A6B7C8D9-E0F1-2345-ABCD-EF1234567905}.Release|x64.ActiveCfg = Release|Any CPU
		{A6B7C8D9-E0F1-2345-ABCD-EF1234567905}.Release|x64.Build.0 = Release|Any CPU
		{A6B7C8D9-E0F1-2345-ABCD-EF1234567905}.Release|x86.ActiveCfg = Release|Any CPU
		{A6B7C8D9-E0F1-2345-ABCD-EF1234567905}.Release|x86.Build.0 = Release|Any CPU
		{A6B7C8D9-E0F1-2345-ABCD-EF1234567906}.Debug|Any CPU.ActiveCfg = Debug|Any CPU
		{A6B7C8D9-E0F1-2345-ABCD-EF1234567906}.Debug|Any CPU.Build.0 = Debug|Any CPU
		{A6B7C8D9-E0F1-2345-ABCD-EF1234567906}.Debug|x64.ActiveCfg = Debug|Any CPU
		{A6B7C8D9-E0F1-2345-ABCD-EF1234567906}.Debug|x64.Build.0 = Debug|Any CPU
		{A6B7C8D9-E0F1-2345-ABCD-EF1234567906}.Debug|x86.ActiveCfg = Debug|Any CPU
		{A6B7C8D9-E0F1-2345-ABCD-EF1234567906}.Debug|x86.Build.0 = Debug|Any CPU
		{A6B7C8D9-E0F1-2345-ABCD-EF1234567906}.Release|Any CPU.ActiveCfg = Release|Any CPU
		{A6B7C8D9-E0F1-2345-ABCD-EF1234567906}.Release|Any CPU.Build.0 = Release|Any CPU
		{A6B7C8D9-E0F1-2345-ABCD-EF1234567906}.Release|x64.ActiveCfg = Release|Any CPU
		{A6B7C8D9-E0F1-2345-ABCD-EF1234567906}.Release|x64.Build.0 = Release|Any CPU
		{A6B7C8D9-E0F1-2345-ABCD-EF1234567906}.Release|x86.ActiveCfg = Release|Any CPU
		{A6B7C8D9-E0F1-2345-ABCD-EF1234567906}.Release|x86.Build.0 = Release|Any CPU
		{B5C6D7E8-F9A0-1234-BCDE-F01234567910}.Debug|Any CPU.ActiveCfg = Debug|Any CPU
		{B5C6D7E8-F9A0-1234-BCDE-F01234567910}.Debug|Any CPU.Build.0 = Debug|Any CPU
		{B5C6D7E8-F9A0-1234-BCDE-F01234567910}.Debug|x64.ActiveCfg = Debug|Any CPU
		{B5C6D7E8-F9A0-1234-BCDE-F01234567910}.Debug|x64.Build.0 = Debug|Any CPU
		{B5C6D7E8-F9A0-1234-BCDE-F01234567910}.Debug|x86.ActiveCfg = Debug|Any CPU
		{B5C6D7E8-F9A0-1234-BCDE-F01234567910}.Debug|x86.Build.0 = Debug|Any CPU
		{B5C6D7E8-F9A0-1234-BCDE-F01234567910}.Release|Any CPU.ActiveCfg = Release|Any CPU
		{B5C6D7E8-F9A0-1234-BCDE-F01234567910}.Release|Any CPU.Build.0 = Release|Any CPU
		{B5C6D7E8-F9A0-1234-BCDE-F01234567910}.Release|x64.ActiveCfg = Release|Any CPU
		{B5C6D7E8-F9A0-1234-BCDE-F01234567910}.Release|x64.Build.0 = Release|Any CPU
		{B5C6D7E8-F9A0-1234-BCDE-F01234567910}.Release|x86.ActiveCfg = Release|Any CPU
		{B5C6D7E8-F9A0-1234-BCDE-F01234567910}.Release|x86.Build.0 = Release|Any CPU
		{C6D7E8F9-A0B1-2345-CDEF-012345678911}.Debug|Any CPU.ActiveCfg = Debug|Any CPU
		{C6D7E8F9-A0B1-2345-CDEF-012345678911}.Debug|Any CPU.Build.0 = Debug|Any CPU
		{C6D7E8F9-A0B1-2345-CDEF-012345678911}.Debug|x64.ActiveCfg = Debug|Any CPU
		{C6D7E8F9-A0B1-2345-CDEF-012345678911}.Debug|x64.Build.0 = Debug|Any CPU
		{C6D7E8F9-A0B1-2345-CDEF-012345678911}.Debug|x86.ActiveCfg = Debug|Any CPU
		{C6D7E8F9-A0B1-2345-CDEF-012345678911}.Debug|x86.Build.0 = Debug|Any CPU
		{C6D7E8F9-A0B1-2345-CDEF-012345678911}.Release|Any CPU.ActiveCfg = Release|Any CPU
		{C6D7E8F9-A0B1-2345-CDEF-012345678911}.Release|Any CPU.Build.0 = Release|Any CPU
		{C6D7E8F9-A0B1-2345-CDEF-012345678911}.Release|x64.ActiveCfg = Release|Any CPU
		{C6D7E8F9-A0B1-2345-CDEF-012345678911}.Release|x64.Build.0 = Release|Any CPU
		{C6D7E8F9-A0B1-2345-CDEF-012345678911}.Release|x86.ActiveCfg = Release|Any CPU
		{C6D7E8F9-A0B1-2345-CDEF-012345678911}.Release|x86.Build.0 = Release|Any CPU
		{D2DD7666-9DDF-4292-9528-81343F1E8091}.Debug|Any CPU.ActiveCfg = Debug|Any CPU
		{D2DD7666-9DDF-4292-9528-81343F1E8091}.Debug|Any CPU.Build.0 = Debug|Any CPU
		{D2DD7666-9DDF-4292-9528-81343F1E8091}.Debug|x64.ActiveCfg = Debug|Any CPU
		{D2DD7666-9DDF-4292-9528-81343F1E8091}.Debug|x64.Build.0 = Debug|Any CPU
		{D2DD7666-9DDF-4292-9528-81343F1E8091}.Debug|x86.ActiveCfg = Debug|Any CPU
		{D2DD7666-9DDF-4292-9528-81343F1E8091}.Debug|x86.Build.0 = Debug|Any CPU
		{D2DD7666-9DDF-4292-9528-81343F1E8091}.Release|Any CPU.ActiveCfg = Release|Any CPU
		{D2DD7666-9DDF-4292-9528-81343F1E8091}.Release|Any CPU.Build.0 = Release|Any CPU
		{D2DD7666-9DDF-4292-9528-81343F1E8091}.Release|x64.ActiveCfg = Release|Any CPU
		{D2DD7666-9DDF-4292-9528-81343F1E8091}.Release|x64.Build.0 = Release|Any CPU
		{D2DD7666-9DDF-4292-9528-81343F1E8091}.Release|x86.ActiveCfg = Release|Any CPU
		{D2DD7666-9DDF-4292-9528-81343F1E8091}.Release|x86.Build.0 = Release|Any CPU
		{CCB97C4A-A94F-4DC2-9FB4-DAC45D675CD5}.Debug|Any CPU.ActiveCfg = Debug|Any CPU
		{CCB97C4A-A94F-4DC2-9FB4-DAC45D675CD5}.Debug|Any CPU.Build.0 = Debug|Any CPU
		{CCB97C4A-A94F-4DC2-9FB4-DAC45D675CD5}.Debug|x64.ActiveCfg = Debug|Any CPU
		{CCB97C4A-A94F-4DC2-9FB4-DAC45D675CD5}.Debug|x64.Build.0 = Debug|Any CPU
		{CCB97C4A-A94F-4DC2-9FB4-DAC45D675CD5}.Debug|x86.ActiveCfg = Debug|Any CPU
		{CCB97C4A-A94F-4DC2-9FB4-DAC45D675CD5}.Debug|x86.Build.0 = Debug|Any CPU
		{CCB97C4A-A94F-4DC2-9FB4-DAC45D675CD5}.Release|Any CPU.ActiveCfg = Release|Any CPU
		{CCB97C4A-A94F-4DC2-9FB4-DAC45D675CD5}.Release|Any CPU.Build.0 = Release|Any CPU
		{CCB97C4A-A94F-4DC2-9FB4-DAC45D675CD5}.Release|x64.ActiveCfg = Release|Any CPU
		{CCB97C4A-A94F-4DC2-9FB4-DAC45D675CD5}.Release|x64.Build.0 = Release|Any CPU
		{CCB97C4A-A94F-4DC2-9FB4-DAC45D675CD5}.Release|x86.ActiveCfg = Release|Any CPU
		{CCB97C4A-A94F-4DC2-9FB4-DAC45D675CD5}.Release|x86.Build.0 = Release|Any CPU
		{0E6DC979-A4FD-4B7B-A51B-36113376B625}.Debug|Any CPU.ActiveCfg = Debug|Any CPU
		{0E6DC979-A4FD-4B7B-A51B-36113376B625}.Debug|Any CPU.Build.0 = Debug|Any CPU
		{0E6DC979-A4FD-4B7B-A51B-36113376B625}.Debug|x64.ActiveCfg = Debug|Any CPU
		{0E6DC979-A4FD-4B7B-A51B-36113376B625}.Debug|x64.Build.0 = Debug|Any CPU
		{0E6DC979-A4FD-4B7B-A51B-36113376B625}.Debug|x86.ActiveCfg = Debug|Any CPU
		{0E6DC979-A4FD-4B7B-A51B-36113376B625}.Debug|x86.Build.0 = Debug|Any CPU
		{0E6DC979-A4FD-4B7B-A51B-36113376B625}.Release|Any CPU.ActiveCfg = Release|Any CPU
		{0E6DC979-A4FD-4B7B-A51B-36113376B625}.Release|Any CPU.Build.0 = Release|Any CPU
		{0E6DC979-A4FD-4B7B-A51B-36113376B625}.Release|x64.ActiveCfg = Release|Any CPU
		{0E6DC979-A4FD-4B7B-A51B-36113376B625}.Release|x64.Build.0 = Release|Any CPU
		{0E6DC979-A4FD-4B7B-A51B-36113376B625}.Release|x86.ActiveCfg = Release|Any CPU
		{0E6DC979-A4FD-4B7B-A51B-36113376B625}.Release|x86.Build.0 = Release|Any CPU
		{2876C747-E5B8-4E0E-BD33-F4F54B965BB3}.Debug|Any CPU.ActiveCfg = Debug|Any CPU
		{2876C747-E5B8-4E0E-BD33-F4F54B965BB3}.Debug|Any CPU.Build.0 = Debug|Any CPU
		{2876C747-E5B8-4E0E-BD33-F4F54B965BB3}.Debug|x64.ActiveCfg = Debug|Any CPU
		{2876C747-E5B8-4E0E-BD33-F4F54B965BB3}.Debug|x64.Build.0 = Debug|Any CPU
		{2876C747-E5B8-4E0E-BD33-F4F54B965BB3}.Debug|x86.ActiveCfg = Debug|Any CPU
		{2876C747-E5B8-4E0E-BD33-F4F54B965BB3}.Debug|x86.Build.0 = Debug|Any CPU
		{2876C747-E5B8-4E0E-BD33-F4F54B965BB3}.Release|Any CPU.ActiveCfg = Release|Any CPU
		{2876C747-E5B8-4E0E-BD33-F4F54B965BB3}.Release|Any CPU.Build.0 = Release|Any CPU
		{2876C747-E5B8-4E0E-BD33-F4F54B965BB3}.Release|x64.ActiveCfg = Release|Any CPU
		{2876C747-E5B8-4E0E-BD33-F4F54B965BB3}.Release|x64.Build.0 = Release|Any CPU
		{2876C747-E5B8-4E0E-BD33-F4F54B965BB3}.Release|x86.ActiveCfg = Release|Any CPU
		{2876C747-E5B8-4E0E-BD33-F4F54B965BB3}.Release|x86.Build.0 = Release|Any CPU
		{15DF6C19-E3CB-4987-9E02-3F628A2FE953}.Debug|Any CPU.ActiveCfg = Debug|Any CPU
		{15DF6C19-E3CB-4987-9E02-3F628A2FE953}.Debug|Any CPU.Build.0 = Debug|Any CPU
		{15DF6C19-E3CB-4987-9E02-3F628A2FE953}.Debug|x64.ActiveCfg = Debug|Any CPU
		{15DF6C19-E3CB-4987-9E02-3F628A2FE953}.Debug|x64.Build.0 = Debug|Any CPU
		{15DF6C19-E3CB-4987-9E02-3F628A2FE953}.Debug|x86.ActiveCfg = Debug|Any CPU
		{15DF6C19-E3CB-4987-9E02-3F628A2FE953}.Debug|x86.Build.0 = Debug|Any CPU
		{15DF6C19-E3CB-4987-9E02-3F628A2FE953}.Release|Any CPU.ActiveCfg = Release|Any CPU
		{15DF6C19-E3CB-4987-9E02-3F628A2FE953}.Release|Any CPU.Build.0 = Release|Any CPU
		{15DF6C19-E3CB-4987-9E02-3F628A2FE953}.Release|x64.ActiveCfg = Release|Any CPU
		{15DF6C19-E3CB-4987-9E02-3F628A2FE953}.Release|x64.Build.0 = Release|Any CPU
		{15DF6C19-E3CB-4987-9E02-3F628A2FE953}.Release|x86.ActiveCfg = Release|Any CPU
		{15DF6C19-E3CB-4987-9E02-3F628A2FE953}.Release|x86.Build.0 = Release|Any CPU
		{7D5A8E2B-8877-4395-83F7-9760B32CADAC}.Debug|Any CPU.ActiveCfg = Debug|Any CPU
		{7D5A8E2B-8877-4395-83F7-9760B32CADAC}.Debug|Any CPU.Build.0 = Debug|Any CPU
		{7D5A8E2B-8877-4395-83F7-9760B32CADAC}.Debug|x64.ActiveCfg = Debug|Any CPU
		{7D5A8E2B-8877-4395-83F7-9760B32CADAC}.Debug|x64.Build.0 = Debug|Any CPU
		{7D5A8E2B-8877-4395-83F7-9760B32CADAC}.Debug|x86.ActiveCfg = Debug|Any CPU
		{7D5A8E2B-8877-4395-83F7-9760B32CADAC}.Debug|x86.Build.0 = Debug|Any CPU
		{7D5A8E2B-8877-4395-83F7-9760B32CADAC}.Release|Any CPU.ActiveCfg = Release|Any CPU
		{7D5A8E2B-8877-4395-83F7-9760B32CADAC}.Release|Any CPU.Build.0 = Release|Any CPU
		{7D5A8E2B-8877-4395-83F7-9760B32CADAC}.Release|x64.ActiveCfg = Release|Any CPU
		{7D5A8E2B-8877-4395-83F7-9760B32CADAC}.Release|x64.Build.0 = Release|Any CPU
		{7D5A8E2B-8877-4395-83F7-9760B32CADAC}.Release|x86.ActiveCfg = Release|Any CPU
		{7D5A8E2B-8877-4395-83F7-9760B32CADAC}.Release|x86.Build.0 = Release|Any CPU
		{88D61BE3-4AB5-4D67-84AB-62EFBE6F2220}.Debug|Any CPU.ActiveCfg = Debug|Any CPU
		{88D61BE3-4AB5-4D67-84AB-62EFBE6F2220}.Debug|Any CPU.Build.0 = Debug|Any CPU
		{88D61BE3-4AB5-4D67-84AB-62EFBE6F2220}.Debug|x64.ActiveCfg = Debug|Any CPU
		{88D61BE3-4AB5-4D67-84AB-62EFBE6F2220}.Debug|x64.Build.0 = Debug|Any CPU
		{88D61BE3-4AB5-4D67-84AB-62EFBE6F2220}.Debug|x86.ActiveCfg = Debug|Any CPU
		{88D61BE3-4AB5-4D67-84AB-62EFBE6F2220}.Debug|x86.Build.0 = Debug|Any CPU
		{88D61BE3-4AB5-4D67-84AB-62EFBE6F2220}.Release|Any CPU.ActiveCfg = Release|Any CPU
		{88D61BE3-4AB5-4D67-84AB-62EFBE6F2220}.Release|Any CPU.Build.0 = Release|Any CPU
		{88D61BE3-4AB5-4D67-84AB-62EFBE6F2220}.Release|x64.ActiveCfg = Release|Any CPU
		{88D61BE3-4AB5-4D67-84AB-62EFBE6F2220}.Release|x64.Build.0 = Release|Any CPU
		{88D61BE3-4AB5-4D67-84AB-62EFBE6F2220}.Release|x86.ActiveCfg = Release|Any CPU
		{88D61BE3-4AB5-4D67-84AB-62EFBE6F2220}.Release|x86.Build.0 = Release|Any CPU
		{8C37019E-F0BA-44BD-9B7B-E01197D2A146}.Debug|Any CPU.ActiveCfg = Debug|Any CPU
		{8C37019E-F0BA-44BD-9B7B-E01197D2A146}.Debug|Any CPU.Build.0 = Debug|Any CPU
		{8C37019E-F0BA-44BD-9B7B-E01197D2A146}.Debug|x64.ActiveCfg = Debug|Any CPU
		{8C37019E-F0BA-44BD-9B7B-E01197D2A146}.Debug|x64.Build.0 = Debug|Any CPU
		{8C37019E-F0BA-44BD-9B7B-E01197D2A146}.Debug|x86.ActiveCfg = Debug|Any CPU
		{8C37019E-F0BA-44BD-9B7B-E01197D2A146}.Debug|x86.Build.0 = Debug|Any CPU
		{8C37019E-F0BA-44BD-9B7B-E01197D2A146}.Release|Any CPU.ActiveCfg = Release|Any CPU
		{8C37019E-F0BA-44BD-9B7B-E01197D2A146}.Release|Any CPU.Build.0 = Release|Any CPU
		{8C37019E-F0BA-44BD-9B7B-E01197D2A146}.Release|x64.ActiveCfg = Release|Any CPU
		{8C37019E-F0BA-44BD-9B7B-E01197D2A146}.Release|x64.Build.0 = Release|Any CPU
		{8C37019E-F0BA-44BD-9B7B-E01197D2A146}.Release|x86.ActiveCfg = Release|Any CPU
		{8C37019E-F0BA-44BD-9B7B-E01197D2A146}.Release|x86.Build.0 = Release|Any CPU
		{F27932A9-A016-4B18-9DAA-CE9EE191C85E}.Debug|Any CPU.ActiveCfg = Debug|Any CPU
		{F27932A9-A016-4B18-9DAA-CE9EE191C85E}.Debug|Any CPU.Build.0 = Debug|Any CPU
		{F27932A9-A016-4B18-9DAA-CE9EE191C85E}.Debug|x64.ActiveCfg = Debug|Any CPU
		{F27932A9-A016-4B18-9DAA-CE9EE191C85E}.Debug|x64.Build.0 = Debug|Any CPU
		{F27932A9-A016-4B18-9DAA-CE9EE191C85E}.Debug|x86.ActiveCfg = Debug|Any CPU
		{F27932A9-A016-4B18-9DAA-CE9EE191C85E}.Debug|x86.Build.0 = Debug|Any CPU
		{F27932A9-A016-4B18-9DAA-CE9EE191C85E}.Release|Any CPU.ActiveCfg = Release|Any CPU
		{F27932A9-A016-4B18-9DAA-CE9EE191C85E}.Release|Any CPU.Build.0 = Release|Any CPU
		{F27932A9-A016-4B18-9DAA-CE9EE191C85E}.Release|x64.ActiveCfg = Release|Any CPU
		{F27932A9-A016-4B18-9DAA-CE9EE191C85E}.Release|x64.Build.0 = Release|Any CPU
		{F27932A9-A016-4B18-9DAA-CE9EE191C85E}.Release|x86.ActiveCfg = Release|Any CPU
		{F27932A9-A016-4B18-9DAA-CE9EE191C85E}.Release|x86.Build.0 = Release|Any CPU
		{568580E7-5199-4D42-96AF-03A73C9F3AAF}.Debug|Any CPU.ActiveCfg = Debug|Any CPU
		{568580E7-5199-4D42-96AF-03A73C9F3AAF}.Debug|Any CPU.Build.0 = Debug|Any CPU
		{568580E7-5199-4D42-96AF-03A73C9F3AAF}.Debug|x64.ActiveCfg = Debug|Any CPU
		{568580E7-5199-4D42-96AF-03A73C9F3AAF}.Debug|x64.Build.0 = Debug|Any CPU
		{568580E7-5199-4D42-96AF-03A73C9F3AAF}.Debug|x86.ActiveCfg = Debug|Any CPU
		{568580E7-5199-4D42-96AF-03A73C9F3AAF}.Debug|x86.Build.0 = Debug|Any CPU
		{568580E7-5199-4D42-96AF-03A73C9F3AAF}.Release|Any CPU.ActiveCfg = Release|Any CPU
		{568580E7-5199-4D42-96AF-03A73C9F3AAF}.Release|Any CPU.Build.0 = Release|Any CPU
		{568580E7-5199-4D42-96AF-03A73C9F3AAF}.Release|x64.ActiveCfg = Release|Any CPU
		{568580E7-5199-4D42-96AF-03A73C9F3AAF}.Release|x64.Build.0 = Release|Any CPU
		{568580E7-5199-4D42-96AF-03A73C9F3AAF}.Release|x86.ActiveCfg = Release|Any CPU
		{568580E7-5199-4D42-96AF-03A73C9F3AAF}.Release|x86.Build.0 = Release|Any CPU
		{F02D5B9A-093D-4D6E-8B68-1C0AE140DD61}.Debug|Any CPU.ActiveCfg = Debug|Any CPU
		{F02D5B9A-093D-4D6E-8B68-1C0AE140DD61}.Debug|Any CPU.Build.0 = Debug|Any CPU
		{F02D5B9A-093D-4D6E-8B68-1C0AE140DD61}.Debug|x64.ActiveCfg = Debug|Any CPU
		{F02D5B9A-093D-4D6E-8B68-1C0AE140DD61}.Debug|x64.Build.0 = Debug|Any CPU
		{F02D5B9A-093D-4D6E-8B68-1C0AE140DD61}.Debug|x86.ActiveCfg = Debug|Any CPU
		{F02D5B9A-093D-4D6E-8B68-1C0AE140DD61}.Debug|x86.Build.0 = Debug|Any CPU
		{F02D5B9A-093D-4D6E-8B68-1C0AE140DD61}.Release|Any CPU.ActiveCfg = Release|Any CPU
		{F02D5B9A-093D-4D6E-8B68-1C0AE140DD61}.Release|Any CPU.Build.0 = Release|Any CPU
		{F02D5B9A-093D-4D6E-8B68-1C0AE140DD61}.Release|x64.ActiveCfg = Release|Any CPU
		{F02D5B9A-093D-4D6E-8B68-1C0AE140DD61}.Release|x64.Build.0 = Release|Any CPU
		{F02D5B9A-093D-4D6E-8B68-1C0AE140DD61}.Release|x86.ActiveCfg = Release|Any CPU
		{F02D5B9A-093D-4D6E-8B68-1C0AE140DD61}.Release|x86.Build.0 = Release|Any CPU
		{DDE3483B-5A8F-478D-8BD7-785F84FCABAF}.Debug|Any CPU.ActiveCfg = Debug|Any CPU
		{DDE3483B-5A8F-478D-8BD7-785F84FCABAF}.Debug|Any CPU.Build.0 = Debug|Any CPU
		{DDE3483B-5A8F-478D-8BD7-785F84FCABAF}.Debug|x64.ActiveCfg = Debug|Any CPU
		{DDE3483B-5A8F-478D-8BD7-785F84FCABAF}.Debug|x64.Build.0 = Debug|Any CPU
		{DDE3483B-5A8F-478D-8BD7-785F84FCABAF}.Debug|x86.ActiveCfg = Debug|Any CPU
		{DDE3483B-5A8F-478D-8BD7-785F84FCABAF}.Debug|x86.Build.0 = Debug|Any CPU
		{DDE3483B-5A8F-478D-8BD7-785F84FCABAF}.Release|Any CPU.ActiveCfg = Release|Any CPU
		{DDE3483B-5A8F-478D-8BD7-785F84FCABAF}.Release|Any CPU.Build.0 = Release|Any CPU
		{DDE3483B-5A8F-478D-8BD7-785F84FCABAF}.Release|x64.ActiveCfg = Release|Any CPU
		{DDE3483B-5A8F-478D-8BD7-785F84FCABAF}.Release|x64.Build.0 = Release|Any CPU
		{DDE3483B-5A8F-478D-8BD7-785F84FCABAF}.Release|x86.ActiveCfg = Release|Any CPU
		{DDE3483B-5A8F-478D-8BD7-785F84FCABAF}.Release|x86.Build.0 = Release|Any CPU
		{D9E1C8F2-8033-4361-B8FC-10FFA74977C6}.Debug|Any CPU.ActiveCfg = Debug|Any CPU
		{D9E1C8F2-8033-4361-B8FC-10FFA74977C6}.Debug|Any CPU.Build.0 = Debug|Any CPU
		{D9E1C8F2-8033-4361-B8FC-10FFA74977C6}.Debug|x64.ActiveCfg = Debug|Any CPU
		{D9E1C8F2-8033-4361-B8FC-10FFA74977C6}.Debug|x64.Build.0 = Debug|Any CPU
		{D9E1C8F2-8033-4361-B8FC-10FFA74977C6}.Debug|x86.ActiveCfg = Debug|Any CPU
		{D9E1C8F2-8033-4361-B8FC-10FFA74977C6}.Debug|x86.Build.0 = Debug|Any CPU
		{D9E1C8F2-8033-4361-B8FC-10FFA74977C6}.Release|Any CPU.ActiveCfg = Release|Any CPU
		{D9E1C8F2-8033-4361-B8FC-10FFA74977C6}.Release|Any CPU.Build.0 = Release|Any CPU
		{D9E1C8F2-8033-4361-B8FC-10FFA74977C6}.Release|x64.ActiveCfg = Release|Any CPU
		{D9E1C8F2-8033-4361-B8FC-10FFA74977C6}.Release|x64.Build.0 = Release|Any CPU
		{D9E1C8F2-8033-4361-B8FC-10FFA74977C6}.Release|x86.ActiveCfg = Release|Any CPU
		{D9E1C8F2-8033-4361-B8FC-10FFA74977C6}.Release|x86.Build.0 = Release|Any CPU
		{BB12482B-8644-471D-A1D7-4B2B8E98272E}.Debug|Any CPU.ActiveCfg = Debug|Any CPU
		{BB12482B-8644-471D-A1D7-4B2B8E98272E}.Debug|Any CPU.Build.0 = Debug|Any CPU
		{BB12482B-8644-471D-A1D7-4B2B8E98272E}.Debug|x64.ActiveCfg = Debug|Any CPU
		{BB12482B-8644-471D-A1D7-4B2B8E98272E}.Debug|x64.Build.0 = Debug|Any CPU
		{BB12482B-8644-471D-A1D7-4B2B8E98272E}.Debug|x86.ActiveCfg = Debug|Any CPU
		{BB12482B-8644-471D-A1D7-4B2B8E98272E}.Debug|x86.Build.0 = Debug|Any CPU
		{BB12482B-8644-471D-A1D7-4B2B8E98272E}.Release|Any CPU.ActiveCfg = Release|Any CPU
		{BB12482B-8644-471D-A1D7-4B2B8E98272E}.Release|Any CPU.Build.0 = Release|Any CPU
		{BB12482B-8644-471D-A1D7-4B2B8E98272E}.Release|x64.ActiveCfg = Release|Any CPU
		{BB12482B-8644-471D-A1D7-4B2B8E98272E}.Release|x64.Build.0 = Release|Any CPU
		{BB12482B-8644-471D-A1D7-4B2B8E98272E}.Release|x86.ActiveCfg = Release|Any CPU
		{BB12482B-8644-471D-A1D7-4B2B8E98272E}.Release|x86.Build.0 = Release|Any CPU
		{7177AB7C-477E-43A9-901D-E9D2C83825D6}.Debug|Any CPU.ActiveCfg = Debug|Any CPU
		{7177AB7C-477E-43A9-901D-E9D2C83825D6}.Debug|Any CPU.Build.0 = Debug|Any CPU
		{7177AB7C-477E-43A9-901D-E9D2C83825D6}.Debug|x64.ActiveCfg = Debug|Any CPU
		{7177AB7C-477E-43A9-901D-E9D2C83825D6}.Debug|x64.Build.0 = Debug|Any CPU
		{7177AB7C-477E-43A9-901D-E9D2C83825D6}.Debug|x86.ActiveCfg = Debug|Any CPU
		{7177AB7C-477E-43A9-901D-E9D2C83825D6}.Debug|x86.Build.0 = Debug|Any CPU
		{7177AB7C-477E-43A9-901D-E9D2C83825D6}.Release|Any CPU.ActiveCfg = Release|Any CPU
		{7177AB7C-477E-43A9-901D-E9D2C83825D6}.Release|Any CPU.Build.0 = Release|Any CPU
		{7177AB7C-477E-43A9-901D-E9D2C83825D6}.Release|x64.ActiveCfg = Release|Any CPU
		{7177AB7C-477E-43A9-901D-E9D2C83825D6}.Release|x64.Build.0 = Release|Any CPU
		{7177AB7C-477E-43A9-901D-E9D2C83825D6}.Release|x86.ActiveCfg = Release|Any CPU
		{7177AB7C-477E-43A9-901D-E9D2C83825D6}.Release|x86.Build.0 = Release|Any CPU
		{ED1261F5-083F-46FB-A40D-134D0EAA84BD}.Debug|Any CPU.ActiveCfg = Debug|Any CPU
		{ED1261F5-083F-46FB-A40D-134D0EAA84BD}.Debug|Any CPU.Build.0 = Debug|Any CPU
		{ED1261F5-083F-46FB-A40D-134D0EAA84BD}.Debug|x64.ActiveCfg = Debug|Any CPU
		{ED1261F5-083F-46FB-A40D-134D0EAA84BD}.Debug|x64.Build.0 = Debug|Any CPU
		{ED1261F5-083F-46FB-A40D-134D0EAA84BD}.Debug|x86.ActiveCfg = Debug|Any CPU
		{ED1261F5-083F-46FB-A40D-134D0EAA84BD}.Debug|x86.Build.0 = Debug|Any CPU
		{ED1261F5-083F-46FB-A40D-134D0EAA84BD}.Release|Any CPU.ActiveCfg = Release|Any CPU
		{ED1261F5-083F-46FB-A40D-134D0EAA84BD}.Release|Any CPU.Build.0 = Release|Any CPU
		{ED1261F5-083F-46FB-A40D-134D0EAA84BD}.Release|x64.ActiveCfg = Release|Any CPU
		{ED1261F5-083F-46FB-A40D-134D0EAA84BD}.Release|x64.Build.0 = Release|Any CPU
		{ED1261F5-083F-46FB-A40D-134D0EAA84BD}.Release|x86.ActiveCfg = Release|Any CPU
		{ED1261F5-083F-46FB-A40D-134D0EAA84BD}.Release|x86.Build.0 = Release|Any CPU
		{3973199D-FC5D-4416-8F86-B88A32EEC395}.Debug|Any CPU.ActiveCfg = Debug|Any CPU
		{3973199D-FC5D-4416-8F86-B88A32EEC395}.Debug|Any CPU.Build.0 = Debug|Any CPU
		{3973199D-FC5D-4416-8F86-B88A32EEC395}.Debug|x64.ActiveCfg = Debug|Any CPU
		{3973199D-FC5D-4416-8F86-B88A32EEC395}.Debug|x64.Build.0 = Debug|Any CPU
		{3973199D-FC5D-4416-8F86-B88A32EEC395}.Debug|x86.ActiveCfg = Debug|Any CPU
		{3973199D-FC5D-4416-8F86-B88A32EEC395}.Debug|x86.Build.0 = Debug|Any CPU
		{3973199D-FC5D-4416-8F86-B88A32EEC395}.Release|Any CPU.ActiveCfg = Release|Any CPU
		{3973199D-FC5D-4416-8F86-B88A32EEC395}.Release|Any CPU.Build.0 = Release|Any CPU
		{3973199D-FC5D-4416-8F86-B88A32EEC395}.Release|x64.ActiveCfg = Release|Any CPU
		{3973199D-FC5D-4416-8F86-B88A32EEC395}.Release|x64.Build.0 = Release|Any CPU
		{3973199D-FC5D-4416-8F86-B88A32EEC395}.Release|x86.ActiveCfg = Release|Any CPU
		{3973199D-FC5D-4416-8F86-B88A32EEC395}.Release|x86.Build.0 = Release|Any CPU
		{4BA69325-CE1B-4B50-951B-9D45224894A2}.Debug|Any CPU.ActiveCfg = Debug|Any CPU
		{4BA69325-CE1B-4B50-951B-9D45224894A2}.Debug|Any CPU.Build.0 = Debug|Any CPU
		{4BA69325-CE1B-4B50-951B-9D45224894A2}.Debug|x64.ActiveCfg = Debug|Any CPU
		{4BA69325-CE1B-4B50-951B-9D45224894A2}.Debug|x64.Build.0 = Debug|Any CPU
		{4BA69325-CE1B-4B50-951B-9D45224894A2}.Debug|x86.ActiveCfg = Debug|Any CPU
		{4BA69325-CE1B-4B50-951B-9D45224894A2}.Debug|x86.Build.0 = Debug|Any CPU
		{4BA69325-CE1B-4B50-951B-9D45224894A2}.Release|Any CPU.ActiveCfg = Release|Any CPU
		{4BA69325-CE1B-4B50-951B-9D45224894A2}.Release|Any CPU.Build.0 = Release|Any CPU
		{4BA69325-CE1B-4B50-951B-9D45224894A2}.Release|x64.ActiveCfg = Release|Any CPU
		{4BA69325-CE1B-4B50-951B-9D45224894A2}.Release|x64.Build.0 = Release|Any CPU
		{4BA69325-CE1B-4B50-951B-9D45224894A2}.Release|x86.ActiveCfg = Release|Any CPU
		{4BA69325-CE1B-4B50-951B-9D45224894A2}.Release|x86.Build.0 = Release|Any CPU
		{5ACB2780-A81D-4015-897F-B92D46FC1536}.Debug|Any CPU.ActiveCfg = Debug|Any CPU
		{5ACB2780-A81D-4015-897F-B92D46FC1536}.Debug|Any CPU.Build.0 = Debug|Any CPU
		{5ACB2780-A81D-4015-897F-B92D46FC1536}.Debug|x64.ActiveCfg = Debug|Any CPU
		{5ACB2780-A81D-4015-897F-B92D46FC1536}.Debug|x64.Build.0 = Debug|Any CPU
		{5ACB2780-A81D-4015-897F-B92D46FC1536}.Debug|x86.ActiveCfg = Debug|Any CPU
		{5ACB2780-A81D-4015-897F-B92D46FC1536}.Debug|x86.Build.0 = Debug|Any CPU
		{5ACB2780-A81D-4015-897F-B92D46FC1536}.Release|Any CPU.ActiveCfg = Release|Any CPU
		{5ACB2780-A81D-4015-897F-B92D46FC1536}.Release|Any CPU.Build.0 = Release|Any CPU
		{5ACB2780-A81D-4015-897F-B92D46FC1536}.Release|x64.ActiveCfg = Release|Any CPU
		{5ACB2780-A81D-4015-897F-B92D46FC1536}.Release|x64.Build.0 = Release|Any CPU
		{5ACB2780-A81D-4015-897F-B92D46FC1536}.Release|x86.ActiveCfg = Release|Any CPU
		{5ACB2780-A81D-4015-897F-B92D46FC1536}.Release|x86.Build.0 = Release|Any CPU
		{30BD6866-CA95-49E7-9BCC-420110A689B2}.Debug|Any CPU.ActiveCfg = Debug|Any CPU
		{30BD6866-CA95-49E7-9BCC-420110A689B2}.Debug|Any CPU.Build.0 = Debug|Any CPU
		{30BD6866-CA95-49E7-9BCC-420110A689B2}.Debug|x64.ActiveCfg = Debug|Any CPU
		{30BD6866-CA95-49E7-9BCC-420110A689B2}.Debug|x64.Build.0 = Debug|Any CPU
		{30BD6866-CA95-49E7-9BCC-420110A689B2}.Debug|x86.ActiveCfg = Debug|Any CPU
		{30BD6866-CA95-49E7-9BCC-420110A689B2}.Debug|x86.Build.0 = Debug|Any CPU
		{30BD6866-CA95-49E7-9BCC-420110A689B2}.Release|Any CPU.ActiveCfg = Release|Any CPU
		{30BD6866-CA95-49E7-9BCC-420110A689B2}.Release|Any CPU.Build.0 = Release|Any CPU
		{30BD6866-CA95-49E7-9BCC-420110A689B2}.Release|x64.ActiveCfg = Release|Any CPU
		{30BD6866-CA95-49E7-9BCC-420110A689B2}.Release|x64.Build.0 = Release|Any CPU
		{30BD6866-CA95-49E7-9BCC-420110A689B2}.Release|x86.ActiveCfg = Release|Any CPU
		{30BD6866-CA95-49E7-9BCC-420110A689B2}.Release|x86.Build.0 = Release|Any CPU
		{4E749C4F-6D63-4837-913C-B6FF8308F0BB}.Debug|Any CPU.ActiveCfg = Debug|Any CPU
		{4E749C4F-6D63-4837-913C-B6FF8308F0BB}.Debug|Any CPU.Build.0 = Debug|Any CPU
		{4E749C4F-6D63-4837-913C-B6FF8308F0BB}.Debug|x64.ActiveCfg = Debug|Any CPU
		{4E749C4F-6D63-4837-913C-B6FF8308F0BB}.Debug|x64.Build.0 = Debug|Any CPU
		{4E749C4F-6D63-4837-913C-B6FF8308F0BB}.Debug|x86.ActiveCfg = Debug|Any CPU
		{4E749C4F-6D63-4837-913C-B6FF8308F0BB}.Debug|x86.Build.0 = Debug|Any CPU
		{4E749C4F-6D63-4837-913C-B6FF8308F0BB}.Release|Any CPU.ActiveCfg = Release|Any CPU
		{4E749C4F-6D63-4837-913C-B6FF8308F0BB}.Release|Any CPU.Build.0 = Release|Any CPU
		{4E749C4F-6D63-4837-913C-B6FF8308F0BB}.Release|x64.ActiveCfg = Release|Any CPU
		{4E749C4F-6D63-4837-913C-B6FF8308F0BB}.Release|x64.Build.0 = Release|Any CPU
		{4E749C4F-6D63-4837-913C-B6FF8308F0BB}.Release|x86.ActiveCfg = Release|Any CPU
		{4E749C4F-6D63-4837-913C-B6FF8308F0BB}.Release|x86.Build.0 = Release|Any CPU
		{0B5FE1B1-1C88-4CD8-BD63-CE7B10EE5AC6}.Debug|Any CPU.ActiveCfg = Debug|Any CPU
		{0B5FE1B1-1C88-4CD8-BD63-CE7B10EE5AC6}.Debug|Any CPU.Build.0 = Debug|Any CPU
		{0B5FE1B1-1C88-4CD8-BD63-CE7B10EE5AC6}.Debug|x64.ActiveCfg = Debug|Any CPU
		{0B5FE1B1-1C88-4CD8-BD63-CE7B10EE5AC6}.Debug|x64.Build.0 = Debug|Any CPU
		{0B5FE1B1-1C88-4CD8-BD63-CE7B10EE5AC6}.Debug|x86.ActiveCfg = Debug|Any CPU
		{0B5FE1B1-1C88-4CD8-BD63-CE7B10EE5AC6}.Debug|x86.Build.0 = Debug|Any CPU
		{0B5FE1B1-1C88-4CD8-BD63-CE7B10EE5AC6}.Release|Any CPU.ActiveCfg = Release|Any CPU
		{0B5FE1B1-1C88-4CD8-BD63-CE7B10EE5AC6}.Release|Any CPU.Build.0 = Release|Any CPU
		{0B5FE1B1-1C88-4CD8-BD63-CE7B10EE5AC6}.Release|x64.ActiveCfg = Release|Any CPU
		{0B5FE1B1-1C88-4CD8-BD63-CE7B10EE5AC6}.Release|x64.Build.0 = Release|Any CPU
		{0B5FE1B1-1C88-4CD8-BD63-CE7B10EE5AC6}.Release|x86.ActiveCfg = Release|Any CPU
		{0B5FE1B1-1C88-4CD8-BD63-CE7B10EE5AC6}.Release|x86.Build.0 = Release|Any CPU
		{965112F6-22EB-40D8-B9C7-C0003847ACB4}.Debug|Any CPU.ActiveCfg = Debug|Any CPU
		{965112F6-22EB-40D8-B9C7-C0003847ACB4}.Debug|Any CPU.Build.0 = Debug|Any CPU
		{965112F6-22EB-40D8-B9C7-C0003847ACB4}.Debug|x64.ActiveCfg = Debug|Any CPU
		{965112F6-22EB-40D8-B9C7-C0003847ACB4}.Debug|x64.Build.0 = Debug|Any CPU
		{965112F6-22EB-40D8-B9C7-C0003847ACB4}.Debug|x86.ActiveCfg = Debug|Any CPU
		{965112F6-22EB-40D8-B9C7-C0003847ACB4}.Debug|x86.Build.0 = Debug|Any CPU
		{965112F6-22EB-40D8-B9C7-C0003847ACB4}.Release|Any CPU.ActiveCfg = Release|Any CPU
		{965112F6-22EB-40D8-B9C7-C0003847ACB4}.Release|Any CPU.Build.0 = Release|Any CPU
		{965112F6-22EB-40D8-B9C7-C0003847ACB4}.Release|x64.ActiveCfg = Release|Any CPU
		{965112F6-22EB-40D8-B9C7-C0003847ACB4}.Release|x64.Build.0 = Release|Any CPU
		{965112F6-22EB-40D8-B9C7-C0003847ACB4}.Release|x86.ActiveCfg = Release|Any CPU
		{965112F6-22EB-40D8-B9C7-C0003847ACB4}.Release|x86.Build.0 = Release|Any CPU
		{CCB0F67F-9147-41F7-BDCF-B0BBCC5FFB13}.Debug|Any CPU.ActiveCfg = Debug|Any CPU
		{CCB0F67F-9147-41F7-BDCF-B0BBCC5FFB13}.Debug|Any CPU.Build.0 = Debug|Any CPU
		{CCB0F67F-9147-41F7-BDCF-B0BBCC5FFB13}.Debug|x64.ActiveCfg = Debug|Any CPU
		{CCB0F67F-9147-41F7-BDCF-B0BBCC5FFB13}.Debug|x64.Build.0 = Debug|Any CPU
		{CCB0F67F-9147-41F7-BDCF-B0BBCC5FFB13}.Debug|x86.ActiveCfg = Debug|Any CPU
		{CCB0F67F-9147-41F7-BDCF-B0BBCC5FFB13}.Debug|x86.Build.0 = Debug|Any CPU
		{CCB0F67F-9147-41F7-BDCF-B0BBCC5FFB13}.Release|Any CPU.ActiveCfg = Release|Any CPU
		{CCB0F67F-9147-41F7-BDCF-B0BBCC5FFB13}.Release|Any CPU.Build.0 = Release|Any CPU
		{CCB0F67F-9147-41F7-BDCF-B0BBCC5FFB13}.Release|x64.ActiveCfg = Release|Any CPU
		{CCB0F67F-9147-41F7-BDCF-B0BBCC5FFB13}.Release|x64.Build.0 = Release|Any CPU
		{CCB0F67F-9147-41F7-BDCF-B0BBCC5FFB13}.Release|x86.ActiveCfg = Release|Any CPU
		{CCB0F67F-9147-41F7-BDCF-B0BBCC5FFB13}.Release|x86.Build.0 = Release|Any CPU
		{564E1B97-F456-41C0-9CF9-E0688C27852C}.Debug|Any CPU.ActiveCfg = Debug|Any CPU
		{564E1B97-F456-41C0-9CF9-E0688C27852C}.Debug|Any CPU.Build.0 = Debug|Any CPU
		{564E1B97-F456-41C0-9CF9-E0688C27852C}.Debug|x64.ActiveCfg = Debug|Any CPU
		{564E1B97-F456-41C0-9CF9-E0688C27852C}.Debug|x64.Build.0 = Debug|Any CPU
		{564E1B97-F456-41C0-9CF9-E0688C27852C}.Debug|x86.ActiveCfg = Debug|Any CPU
		{564E1B97-F456-41C0-9CF9-E0688C27852C}.Debug|x86.Build.0 = Debug|Any CPU
		{564E1B97-F456-41C0-9CF9-E0688C27852C}.Release|Any CPU.ActiveCfg = Release|Any CPU
		{564E1B97-F456-41C0-9CF9-E0688C27852C}.Release|Any CPU.Build.0 = Release|Any CPU
		{564E1B97-F456-41C0-9CF9-E0688C27852C}.Release|x64.ActiveCfg = Release|Any CPU
		{564E1B97-F456-41C0-9CF9-E0688C27852C}.Release|x64.Build.0 = Release|Any CPU
		{564E1B97-F456-41C0-9CF9-E0688C27852C}.Release|x86.ActiveCfg = Release|Any CPU
		{564E1B97-F456-41C0-9CF9-E0688C27852C}.Release|x86.Build.0 = Release|Any CPU
		{E8172513-7D0C-45D2-9CB6-176622730379}.Debug|Any CPU.ActiveCfg = Debug|Any CPU
		{E8172513-7D0C-45D2-9CB6-176622730379}.Debug|Any CPU.Build.0 = Debug|Any CPU
		{E8172513-7D0C-45D2-9CB6-176622730379}.Debug|x64.ActiveCfg = Debug|Any CPU
		{E8172513-7D0C-45D2-9CB6-176622730379}.Debug|x64.Build.0 = Debug|Any CPU
		{E8172513-7D0C-45D2-9CB6-176622730379}.Debug|x86.ActiveCfg = Debug|Any CPU
		{E8172513-7D0C-45D2-9CB6-176622730379}.Debug|x86.Build.0 = Debug|Any CPU
		{E8172513-7D0C-45D2-9CB6-176622730379}.Release|Any CPU.ActiveCfg = Release|Any CPU
		{E8172513-7D0C-45D2-9CB6-176622730379}.Release|Any CPU.Build.0 = Release|Any CPU
		{E8172513-7D0C-45D2-9CB6-176622730379}.Release|x64.ActiveCfg = Release|Any CPU
		{E8172513-7D0C-45D2-9CB6-176622730379}.Release|x64.Build.0 = Release|Any CPU
		{E8172513-7D0C-45D2-9CB6-176622730379}.Release|x86.ActiveCfg = Release|Any CPU
		{E8172513-7D0C-45D2-9CB6-176622730379}.Release|x86.Build.0 = Release|Any CPU
		{D102D567-5F98-4306-9393-1F421EE5BD18}.Debug|Any CPU.ActiveCfg = Debug|Any CPU
		{D102D567-5F98-4306-9393-1F421EE5BD18}.Debug|Any CPU.Build.0 = Debug|Any CPU
		{D102D567-5F98-4306-9393-1F421EE5BD18}.Debug|x64.ActiveCfg = Debug|Any CPU
		{D102D567-5F98-4306-9393-1F421EE5BD18}.Debug|x64.Build.0 = Debug|Any CPU
		{D102D567-5F98-4306-9393-1F421EE5BD18}.Debug|x86.ActiveCfg = Debug|Any CPU
		{D102D567-5F98-4306-9393-1F421EE5BD18}.Debug|x86.Build.0 = Debug|Any CPU
		{D102D567-5F98-4306-9393-1F421EE5BD18}.Release|Any CPU.ActiveCfg = Release|Any CPU
		{D102D567-5F98-4306-9393-1F421EE5BD18}.Release|Any CPU.Build.0 = Release|Any CPU
		{D102D567-5F98-4306-9393-1F421EE5BD18}.Release|x64.ActiveCfg = Release|Any CPU
		{D102D567-5F98-4306-9393-1F421EE5BD18}.Release|x64.Build.0 = Release|Any CPU
		{D102D567-5F98-4306-9393-1F421EE5BD18}.Release|x86.ActiveCfg = Release|Any CPU
		{D102D567-5F98-4306-9393-1F421EE5BD18}.Release|x86.Build.0 = Release|Any CPU
		{1127BD56-712B-4C1A-95F8-E660238BDA9F}.Debug|Any CPU.ActiveCfg = Debug|Any CPU
		{1127BD56-712B-4C1A-95F8-E660238BDA9F}.Debug|Any CPU.Build.0 = Debug|Any CPU
		{1127BD56-712B-4C1A-95F8-E660238BDA9F}.Debug|x64.ActiveCfg = Debug|Any CPU
		{1127BD56-712B-4C1A-95F8-E660238BDA9F}.Debug|x64.Build.0 = Debug|Any CPU
		{1127BD56-712B-4C1A-95F8-E660238BDA9F}.Debug|x86.ActiveCfg = Debug|Any CPU
		{1127BD56-712B-4C1A-95F8-E660238BDA9F}.Debug|x86.Build.0 = Debug|Any CPU
		{1127BD56-712B-4C1A-95F8-E660238BDA9F}.Release|Any CPU.ActiveCfg = Release|Any CPU
		{1127BD56-712B-4C1A-95F8-E660238BDA9F}.Release|Any CPU.Build.0 = Release|Any CPU
		{1127BD56-712B-4C1A-95F8-E660238BDA9F}.Release|x64.ActiveCfg = Release|Any CPU
		{1127BD56-712B-4C1A-95F8-E660238BDA9F}.Release|x64.Build.0 = Release|Any CPU
		{1127BD56-712B-4C1A-95F8-E660238BDA9F}.Release|x86.ActiveCfg = Release|Any CPU
		{1127BD56-712B-4C1A-95F8-E660238BDA9F}.Release|x86.Build.0 = Release|Any CPU
		{13EB73BF-BC00-45EC-AFD4-FF5EEEC9A37C}.Debug|Any CPU.ActiveCfg = Debug|Any CPU
		{13EB73BF-BC00-45EC-AFD4-FF5EEEC9A37C}.Debug|Any CPU.Build.0 = Debug|Any CPU
		{13EB73BF-BC00-45EC-AFD4-FF5EEEC9A37C}.Debug|x64.ActiveCfg = Debug|Any CPU
		{13EB73BF-BC00-45EC-AFD4-FF5EEEC9A37C}.Debug|x64.Build.0 = Debug|Any CPU
		{13EB73BF-BC00-45EC-AFD4-FF5EEEC9A37C}.Debug|x86.ActiveCfg = Debug|Any CPU
		{13EB73BF-BC00-45EC-AFD4-FF5EEEC9A37C}.Debug|x86.Build.0 = Debug|Any CPU
		{13EB73BF-BC00-45EC-AFD4-FF5EEEC9A37C}.Release|Any CPU.ActiveCfg = Release|Any CPU
		{13EB73BF-BC00-45EC-AFD4-FF5EEEC9A37C}.Release|Any CPU.Build.0 = Release|Any CPU
		{13EB73BF-BC00-45EC-AFD4-FF5EEEC9A37C}.Release|x64.ActiveCfg = Release|Any CPU
		{13EB73BF-BC00-45EC-AFD4-FF5EEEC9A37C}.Release|x64.Build.0 = Release|Any CPU
		{13EB73BF-BC00-45EC-AFD4-FF5EEEC9A37C}.Release|x86.ActiveCfg = Release|Any CPU
		{13EB73BF-BC00-45EC-AFD4-FF5EEEC9A37C}.Release|x86.Build.0 = Release|Any CPU
		{BF37997B-8934-4ED9-9DDB-34CC96230A0B}.Debug|Any CPU.ActiveCfg = Debug|Any CPU
		{BF37997B-8934-4ED9-9DDB-34CC96230A0B}.Debug|Any CPU.Build.0 = Debug|Any CPU
		{BF37997B-8934-4ED9-9DDB-34CC96230A0B}.Debug|x64.ActiveCfg = Debug|Any CPU
		{BF37997B-8934-4ED9-9DDB-34CC96230A0B}.Debug|x64.Build.0 = Debug|Any CPU
		{BF37997B-8934-4ED9-9DDB-34CC96230A0B}.Debug|x86.ActiveCfg = Debug|Any CPU
		{BF37997B-8934-4ED9-9DDB-34CC96230A0B}.Debug|x86.Build.0 = Debug|Any CPU
		{BF37997B-8934-4ED9-9DDB-34CC96230A0B}.Release|Any CPU.ActiveCfg = Release|Any CPU
		{BF37997B-8934-4ED9-9DDB-34CC96230A0B}.Release|Any CPU.Build.0 = Release|Any CPU
		{BF37997B-8934-4ED9-9DDB-34CC96230A0B}.Release|x64.ActiveCfg = Release|Any CPU
		{BF37997B-8934-4ED9-9DDB-34CC96230A0B}.Release|x64.Build.0 = Release|Any CPU
		{BF37997B-8934-4ED9-9DDB-34CC96230A0B}.Release|x86.ActiveCfg = Release|Any CPU
		{BF37997B-8934-4ED9-9DDB-34CC96230A0B}.Release|x86.Build.0 = Release|Any CPU
		{578088CA-8CEC-414A-8128-A5F832843532}.Debug|Any CPU.ActiveCfg = Debug|Any CPU
		{578088CA-8CEC-414A-8128-A5F832843532}.Debug|Any CPU.Build.0 = Debug|Any CPU
		{578088CA-8CEC-414A-8128-A5F832843532}.Debug|x64.ActiveCfg = Debug|Any CPU
		{578088CA-8CEC-414A-8128-A5F832843532}.Debug|x64.Build.0 = Debug|Any CPU
		{578088CA-8CEC-414A-8128-A5F832843532}.Debug|x86.ActiveCfg = Debug|Any CPU
		{578088CA-8CEC-414A-8128-A5F832843532}.Debug|x86.Build.0 = Debug|Any CPU
		{578088CA-8CEC-414A-8128-A5F832843532}.Release|Any CPU.ActiveCfg = Release|Any CPU
		{578088CA-8CEC-414A-8128-A5F832843532}.Release|Any CPU.Build.0 = Release|Any CPU
		{578088CA-8CEC-414A-8128-A5F832843532}.Release|x64.ActiveCfg = Release|Any CPU
		{578088CA-8CEC-414A-8128-A5F832843532}.Release|x64.Build.0 = Release|Any CPU
		{578088CA-8CEC-414A-8128-A5F832843532}.Release|x86.ActiveCfg = Release|Any CPU
		{578088CA-8CEC-414A-8128-A5F832843532}.Release|x86.Build.0 = Release|Any CPU
		{AF74E91B-46B6-4EAA-8954-96B7FAFAA22D}.Debug|Any CPU.ActiveCfg = Debug|Any CPU
		{AF74E91B-46B6-4EAA-8954-96B7FAFAA22D}.Debug|Any CPU.Build.0 = Debug|Any CPU
		{AF74E91B-46B6-4EAA-8954-96B7FAFAA22D}.Debug|x64.ActiveCfg = Debug|Any CPU
		{AF74E91B-46B6-4EAA-8954-96B7FAFAA22D}.Debug|x64.Build.0 = Debug|Any CPU
		{AF74E91B-46B6-4EAA-8954-96B7FAFAA22D}.Debug|x86.ActiveCfg = Debug|Any CPU
		{AF74E91B-46B6-4EAA-8954-96B7FAFAA22D}.Debug|x86.Build.0 = Debug|Any CPU
		{AF74E91B-46B6-4EAA-8954-96B7FAFAA22D}.Release|Any CPU.ActiveCfg = Release|Any CPU
		{AF74E91B-46B6-4EAA-8954-96B7FAFAA22D}.Release|Any CPU.Build.0 = Release|Any CPU
		{AF74E91B-46B6-4EAA-8954-96B7FAFAA22D}.Release|x64.ActiveCfg = Release|Any CPU
		{AF74E91B-46B6-4EAA-8954-96B7FAFAA22D}.Release|x64.Build.0 = Release|Any CPU
		{AF74E91B-46B6-4EAA-8954-96B7FAFAA22D}.Release|x86.ActiveCfg = Release|Any CPU
		{AF74E91B-46B6-4EAA-8954-96B7FAFAA22D}.Release|x86.Build.0 = Release|Any CPU
		{EED51FC6-D1AE-4FC2-BC4E-750D025A16EE}.Debug|Any CPU.ActiveCfg = Debug|Any CPU
		{EED51FC6-D1AE-4FC2-BC4E-750D025A16EE}.Debug|Any CPU.Build.0 = Debug|Any CPU
		{EED51FC6-D1AE-4FC2-BC4E-750D025A16EE}.Debug|x64.ActiveCfg = Debug|Any CPU
		{EED51FC6-D1AE-4FC2-BC4E-750D025A16EE}.Debug|x64.Build.0 = Debug|Any CPU
		{EED51FC6-D1AE-4FC2-BC4E-750D025A16EE}.Debug|x86.ActiveCfg = Debug|Any CPU
		{EED51FC6-D1AE-4FC2-BC4E-750D025A16EE}.Debug|x86.Build.0 = Debug|Any CPU
		{EED51FC6-D1AE-4FC2-BC4E-750D025A16EE}.Release|Any CPU.ActiveCfg = Release|Any CPU
		{EED51FC6-D1AE-4FC2-BC4E-750D025A16EE}.Release|Any CPU.Build.0 = Release|Any CPU
		{EED51FC6-D1AE-4FC2-BC4E-750D025A16EE}.Release|x64.ActiveCfg = Release|Any CPU
		{EED51FC6-D1AE-4FC2-BC4E-750D025A16EE}.Release|x64.Build.0 = Release|Any CPU
		{EED51FC6-D1AE-4FC2-BC4E-750D025A16EE}.Release|x86.ActiveCfg = Release|Any CPU
		{EED51FC6-D1AE-4FC2-BC4E-750D025A16EE}.Release|x86.Build.0 = Release|Any CPU
		{F787BA11-9749-47B7-9AB7-2EA9B76126B9}.Debug|Any CPU.ActiveCfg = Debug|Any CPU
		{F787BA11-9749-47B7-9AB7-2EA9B76126B9}.Debug|Any CPU.Build.0 = Debug|Any CPU
		{F787BA11-9749-47B7-9AB7-2EA9B76126B9}.Debug|x64.ActiveCfg = Debug|Any CPU
		{F787BA11-9749-47B7-9AB7-2EA9B76126B9}.Debug|x64.Build.0 = Debug|Any CPU
		{F787BA11-9749-47B7-9AB7-2EA9B76126B9}.Debug|x86.ActiveCfg = Debug|Any CPU
		{F787BA11-9749-47B7-9AB7-2EA9B76126B9}.Debug|x86.Build.0 = Debug|Any CPU
		{F787BA11-9749-47B7-9AB7-2EA9B76126B9}.Release|Any CPU.ActiveCfg = Release|Any CPU
		{F787BA11-9749-47B7-9AB7-2EA9B76126B9}.Release|Any CPU.Build.0 = Release|Any CPU
		{F787BA11-9749-47B7-9AB7-2EA9B76126B9}.Release|x64.ActiveCfg = Release|Any CPU
		{F787BA11-9749-47B7-9AB7-2EA9B76126B9}.Release|x64.Build.0 = Release|Any CPU
		{F787BA11-9749-47B7-9AB7-2EA9B76126B9}.Release|x86.ActiveCfg = Release|Any CPU
		{F787BA11-9749-47B7-9AB7-2EA9B76126B9}.Release|x86.Build.0 = Release|Any CPU
		{66EF6601-A554-4D85-8673-240792766784}.Debug|Any CPU.ActiveCfg = Debug|Any CPU
		{66EF6601-A554-4D85-8673-240792766784}.Debug|Any CPU.Build.0 = Debug|Any CPU
		{66EF6601-A554-4D85-8673-240792766784}.Debug|x64.ActiveCfg = Debug|Any CPU
		{66EF6601-A554-4D85-8673-240792766784}.Debug|x64.Build.0 = Debug|Any CPU
		{66EF6601-A554-4D85-8673-240792766784}.Debug|x86.ActiveCfg = Debug|Any CPU
		{66EF6601-A554-4D85-8673-240792766784}.Debug|x86.Build.0 = Debug|Any CPU
		{66EF6601-A554-4D85-8673-240792766784}.Release|Any CPU.ActiveCfg = Release|Any CPU
		{66EF6601-A554-4D85-8673-240792766784}.Release|Any CPU.Build.0 = Release|Any CPU
		{66EF6601-A554-4D85-8673-240792766784}.Release|x64.ActiveCfg = Release|Any CPU
		{66EF6601-A554-4D85-8673-240792766784}.Release|x64.Build.0 = Release|Any CPU
		{66EF6601-A554-4D85-8673-240792766784}.Release|x86.ActiveCfg = Release|Any CPU
		{66EF6601-A554-4D85-8673-240792766784}.Release|x86.Build.0 = Release|Any CPU
		{7BDC858B-C9CE-4355-AF19-427F9A6285D1}.Debug|Any CPU.ActiveCfg = Debug|Any CPU
		{7BDC858B-C9CE-4355-AF19-427F9A6285D1}.Debug|Any CPU.Build.0 = Debug|Any CPU
		{7BDC858B-C9CE-4355-AF19-427F9A6285D1}.Debug|x64.ActiveCfg = Debug|Any CPU
		{7BDC858B-C9CE-4355-AF19-427F9A6285D1}.Debug|x64.Build.0 = Debug|Any CPU
		{7BDC858B-C9CE-4355-AF19-427F9A6285D1}.Debug|x86.ActiveCfg = Debug|Any CPU
		{7BDC858B-C9CE-4355-AF19-427F9A6285D1}.Debug|x86.Build.0 = Debug|Any CPU
		{7BDC858B-C9CE-4355-AF19-427F9A6285D1}.Release|Any CPU.ActiveCfg = Release|Any CPU
		{7BDC858B-C9CE-4355-AF19-427F9A6285D1}.Release|Any CPU.Build.0 = Release|Any CPU
		{7BDC858B-C9CE-4355-AF19-427F9A6285D1}.Release|x64.ActiveCfg = Release|Any CPU
		{7BDC858B-C9CE-4355-AF19-427F9A6285D1}.Release|x64.Build.0 = Release|Any CPU
		{7BDC858B-C9CE-4355-AF19-427F9A6285D1}.Release|x86.ActiveCfg = Release|Any CPU
		{7BDC858B-C9CE-4355-AF19-427F9A6285D1}.Release|x86.Build.0 = Release|Any CPU
		{F8DD83B0-4718-4905-9E8E-1A4044AB180D}.Debug|Any CPU.ActiveCfg = Debug|Any CPU
		{F8DD83B0-4718-4905-9E8E-1A4044AB180D}.Debug|Any CPU.Build.0 = Debug|Any CPU
		{F8DD83B0-4718-4905-9E8E-1A4044AB180D}.Debug|x64.ActiveCfg = Debug|Any CPU
		{F8DD83B0-4718-4905-9E8E-1A4044AB180D}.Debug|x64.Build.0 = Debug|Any CPU
		{F8DD83B0-4718-4905-9E8E-1A4044AB180D}.Debug|x86.ActiveCfg = Debug|Any CPU
		{F8DD83B0-4718-4905-9E8E-1A4044AB180D}.Debug|x86.Build.0 = Debug|Any CPU
		{F8DD83B0-4718-4905-9E8E-1A4044AB180D}.Release|Any CPU.ActiveCfg = Release|Any CPU
		{F8DD83B0-4718-4905-9E8E-1A4044AB180D}.Release|Any CPU.Build.0 = Release|Any CPU
		{F8DD83B0-4718-4905-9E8E-1A4044AB180D}.Release|x64.ActiveCfg = Release|Any CPU
		{F8DD83B0-4718-4905-9E8E-1A4044AB180D}.Release|x64.Build.0 = Release|Any CPU
		{F8DD83B0-4718-4905-9E8E-1A4044AB180D}.Release|x86.ActiveCfg = Release|Any CPU
		{F8DD83B0-4718-4905-9E8E-1A4044AB180D}.Release|x86.Build.0 = Release|Any CPU
		{F2168CDC-9683-4AB8-A2EB-890F25DCE22B}.Debug|Any CPU.ActiveCfg = Debug|Any CPU
		{F2168CDC-9683-4AB8-A2EB-890F25DCE22B}.Debug|Any CPU.Build.0 = Debug|Any CPU
		{F2168CDC-9683-4AB8-A2EB-890F25DCE22B}.Debug|x64.ActiveCfg = Debug|Any CPU
		{F2168CDC-9683-4AB8-A2EB-890F25DCE22B}.Debug|x64.Build.0 = Debug|Any CPU
		{F2168CDC-9683-4AB8-A2EB-890F25DCE22B}.Debug|x86.ActiveCfg = Debug|Any CPU
		{F2168CDC-9683-4AB8-A2EB-890F25DCE22B}.Debug|x86.Build.0 = Debug|Any CPU
		{F2168CDC-9683-4AB8-A2EB-890F25DCE22B}.Release|Any CPU.ActiveCfg = Release|Any CPU
		{F2168CDC-9683-4AB8-A2EB-890F25DCE22B}.Release|Any CPU.Build.0 = Release|Any CPU
		{F2168CDC-9683-4AB8-A2EB-890F25DCE22B}.Release|x64.ActiveCfg = Release|Any CPU
		{F2168CDC-9683-4AB8-A2EB-890F25DCE22B}.Release|x64.Build.0 = Release|Any CPU
		{F2168CDC-9683-4AB8-A2EB-890F25DCE22B}.Release|x86.ActiveCfg = Release|Any CPU
		{F2168CDC-9683-4AB8-A2EB-890F25DCE22B}.Release|x86.Build.0 = Release|Any CPU
		{E3D9FFBF-1E1B-4856-BE31-A05E930A3CDD}.Debug|Any CPU.ActiveCfg = Debug|Any CPU
		{E3D9FFBF-1E1B-4856-BE31-A05E930A3CDD}.Debug|Any CPU.Build.0 = Debug|Any CPU
		{E3D9FFBF-1E1B-4856-BE31-A05E930A3CDD}.Debug|x64.ActiveCfg = Debug|Any CPU
		{E3D9FFBF-1E1B-4856-BE31-A05E930A3CDD}.Debug|x64.Build.0 = Debug|Any CPU
		{E3D9FFBF-1E1B-4856-BE31-A05E930A3CDD}.Debug|x86.ActiveCfg = Debug|Any CPU
		{E3D9FFBF-1E1B-4856-BE31-A05E930A3CDD}.Debug|x86.Build.0 = Debug|Any CPU
		{E3D9FFBF-1E1B-4856-BE31-A05E930A3CDD}.Release|Any CPU.ActiveCfg = Release|Any CPU
		{E3D9FFBF-1E1B-4856-BE31-A05E930A3CDD}.Release|Any CPU.Build.0 = Release|Any CPU
		{E3D9FFBF-1E1B-4856-BE31-A05E930A3CDD}.Release|x64.ActiveCfg = Release|Any CPU
		{E3D9FFBF-1E1B-4856-BE31-A05E930A3CDD}.Release|x64.Build.0 = Release|Any CPU
		{E3D9FFBF-1E1B-4856-BE31-A05E930A3CDD}.Release|x86.ActiveCfg = Release|Any CPU
		{E3D9FFBF-1E1B-4856-BE31-A05E930A3CDD}.Release|x86.Build.0 = Release|Any CPU
		{A4B5C6D7-E8F9-0123-ABCD-EF4567890123}.Debug|Any CPU.ActiveCfg = Debug|Any CPU
		{A4B5C6D7-E8F9-0123-ABCD-EF4567890123}.Debug|Any CPU.Build.0 = Debug|Any CPU
		{A4B5C6D7-E8F9-0123-ABCD-EF4567890123}.Debug|x64.ActiveCfg = Debug|Any CPU
		{A4B5C6D7-E8F9-0123-ABCD-EF4567890123}.Debug|x64.Build.0 = Debug|Any CPU
		{A4B5C6D7-E8F9-0123-ABCD-EF4567890123}.Debug|x86.ActiveCfg = Debug|Any CPU
		{A4B5C6D7-E8F9-0123-ABCD-EF4567890123}.Debug|x86.Build.0 = Debug|Any CPU
		{A4B5C6D7-E8F9-0123-ABCD-EF4567890123}.Release|Any CPU.ActiveCfg = Release|Any CPU
		{A4B5C6D7-E8F9-0123-ABCD-EF4567890123}.Release|Any CPU.Build.0 = Release|Any CPU
		{A4B5C6D7-E8F9-0123-ABCD-EF4567890123}.Release|x64.ActiveCfg = Release|Any CPU
		{A4B5C6D7-E8F9-0123-ABCD-EF4567890123}.Release|x64.Build.0 = Release|Any CPU
		{A4B5C6D7-E8F9-0123-ABCD-EF4567890123}.Release|x86.ActiveCfg = Release|Any CPU
		{A4B5C6D7-E8F9-0123-ABCD-EF4567890123}.Release|x86.Build.0 = Release|Any CPU
		{B5C6D7E8-F9A0-1234-BCDE-F05678901234}.Debug|Any CPU.ActiveCfg = Debug|Any CPU
		{B5C6D7E8-F9A0-1234-BCDE-F05678901234}.Debug|Any CPU.Build.0 = Debug|Any CPU
		{B5C6D7E8-F9A0-1234-BCDE-F05678901234}.Debug|x64.ActiveCfg = Debug|Any CPU
		{B5C6D7E8-F9A0-1234-BCDE-F05678901234}.Debug|x64.Build.0 = Debug|Any CPU
		{B5C6D7E8-F9A0-1234-BCDE-F05678901234}.Debug|x86.ActiveCfg = Debug|Any CPU
		{B5C6D7E8-F9A0-1234-BCDE-F05678901234}.Debug|x86.Build.0 = Debug|Any CPU
		{B5C6D7E8-F9A0-1234-BCDE-F05678901234}.Release|Any CPU.ActiveCfg = Release|Any CPU
		{B5C6D7E8-F9A0-1234-BCDE-F05678901234}.Release|Any CPU.Build.0 = Release|Any CPU
		{B5C6D7E8-F9A0-1234-BCDE-F05678901234}.Release|x64.ActiveCfg = Release|Any CPU
		{B5C6D7E8-F9A0-1234-BCDE-F05678901234}.Release|x64.Build.0 = Release|Any CPU
		{B5C6D7E8-F9A0-1234-BCDE-F05678901234}.Release|x86.ActiveCfg = Release|Any CPU
		{B5C6D7E8-F9A0-1234-BCDE-F05678901234}.Release|x86.Build.0 = Release|Any CPU
	EndGlobalSection
	GlobalSection(SolutionProperties) = preSolution
		HideSolutionNode = FALSE
	EndGlobalSection
	GlobalSection(NestedProjects) = preSolution
		{B06D1509-30DA-4B75-87BF-12FC3590EA73} = {827E0CD3-B72D-47B6-A68D-7590B98EB39B}
		{C1A2B3D4-E5F6-7890-ABCD-EF1234567890} = {827E0CD3-B72D-47B6-A68D-7590B98EB39B}
		{D2E3F4A5-B6C7-8901-BCDE-F01234567891} = {827E0CD3-B72D-47B6-A68D-7590B98EB39B}
		{5DF09A92-ED1D-1AE4-1F14-3EF245B7F92E} = {0AB3BF05-4346-4AA6-1389-037BE0695223}
		{CD9093CD-31B2-9F48-4D38-300F175E2DF8} = {5DF09A92-ED1D-1AE4-1F14-3EF245B7F92E}
		{AF4AE465-79A6-4A9A-BC2C-4564F36EE918} = {CD9093CD-31B2-9F48-4D38-300F175E2DF8}
		{4F4F570B-5D00-ADDE-B150-E77A4CC33CCC} = {5DF09A92-ED1D-1AE4-1F14-3EF245B7F92E}
		{6FA985A6-0E06-48EB-B518-466753C5522A} = {4F4F570B-5D00-ADDE-B150-E77A4CC33CCC}
		{E3F4A5B6-C7D8-9012-CDEF-012345678902} = {0AB3BF05-4346-4AA6-1389-037BE0695223}
		{A1B2C3D4-E5F6-7890-ABCD-EF1234567800} = {827E0CD3-B72D-47B6-A68D-7590B98EB39B}
		{A1B2C3D4-E5F6-7890-ABCD-EF1234567801} = {A1B2C3D4-E5F6-7890-ABCD-EF1234567800}
		{F1E2D3C4-B5A6-9870-FEDC-BA9876543210} = {A1B2C3D4-E5F6-7890-ABCD-EF1234567801}
		{F1E2D3C4-B5A6-9870-FEDC-BA9876543211} = {A1B2C3D4-E5F6-7890-ABCD-EF1234567801}
		{F1E2D3C4-B5A6-9870-FEDC-BA9876543212} = {A1B2C3D4-E5F6-7890-ABCD-EF1234567801}
		{F1E2D3C4-B5A6-9870-FEDC-BA9876543213} = {A1B2C3D4-E5F6-7890-ABCD-EF1234567801}
		{F1E2D3C4-B5A6-9870-FEDC-BA9876543214} = {A1B2C3D4-E5F6-7890-ABCD-EF1234567801}
		{A1B2C3D4-E5F6-7890-ABCD-EF1234567802} = {A1B2C3D4-E5F6-7890-ABCD-EF1234567800}
		{F2E3D4C5-A6B7-8901-FEDC-CA0987654320} = {A1B2C3D4-E5F6-7890-ABCD-EF1234567802}
		{F2E3D4C5-A6B7-8901-FEDC-CA0987654321} = {A1B2C3D4-E5F6-7890-ABCD-EF1234567802}
		{F2E3D4C5-A6B7-8901-FEDC-CA0987654322} = {A1B2C3D4-E5F6-7890-ABCD-EF1234567802}
		{F2E3D4C5-A6B7-8901-FEDC-CA0987654323} = {A1B2C3D4-E5F6-7890-ABCD-EF1234567802}
		{F2E3D4C5-A6B7-8901-FEDC-CA0987654324} = {A1B2C3D4-E5F6-7890-ABCD-EF1234567802}
		{A1B2C3D4-E5F6-7890-ABCD-EF1234567803} = {A1B2C3D4-E5F6-7890-ABCD-EF1234567800}
		{F3E4D5C6-B7A8-9012-FEDC-DB1098765430} = {A1B2C3D4-E5F6-7890-ABCD-EF1234567803}
		{F3E4D5C6-B7A8-9012-FEDC-DB1098765431} = {A1B2C3D4-E5F6-7890-ABCD-EF1234567803}
		{F3E4D5C6-B7A8-9012-FEDC-DB1098765432} = {A1B2C3D4-E5F6-7890-ABCD-EF1234567803}
		{F3E4D5C6-B7A8-9012-FEDC-DB1098765433} = {A1B2C3D4-E5F6-7890-ABCD-EF1234567803}
		{A1B2C3D4-E5F6-7890-ABCD-EF1234567804} = {A1B2C3D4-E5F6-7890-ABCD-EF1234567800}
		{F4E5D6C7-A8B9-0123-FEDC-EC2109876540} = {A1B2C3D4-E5F6-7890-ABCD-EF1234567804}
		{F4E5D6C7-A8B9-0123-FEDC-EC2109876541} = {A1B2C3D4-E5F6-7890-ABCD-EF1234567804}
		{F4E5D6C7-A8B9-0123-FEDC-EC2109876542} = {A1B2C3D4-E5F6-7890-ABCD-EF1234567804}
		{F4E5D6C7-A8B9-0123-FEDC-EC2109876543} = {A1B2C3D4-E5F6-7890-ABCD-EF1234567804}
		{A6B7C8D9-E0F1-2345-ABCD-EF1234567900} = {827E0CD3-B72D-47B6-A68D-7590B98EB39B}
		{E7F8A9B0-C1D2-3456-EFAB-012345678921} = {E7F8A9B0-C1D2-3456-EFAB-012345678920}
		{A6B7C8D9-E0F1-2345-ABCD-EF1234567901} = {827E0CD3-B72D-47B6-A68D-7590B98EB39B}
		{A6B7C8D9-E0F1-2345-ABCD-EF1234567902} = {A6B7C8D9-E0F1-2345-ABCD-EF1234567901}
		{A6B7C8D9-E0F1-2345-ABCD-EF1234567903} = {A6B7C8D9-E0F1-2345-ABCD-EF1234567901}
		{A6B7C8D9-E0F1-2345-ABCD-EF1234567904} = {0AB3BF05-4346-4AA6-1389-037BE0695223}
		{A6B7C8D9-E0F1-2345-ABCD-EF1234567905} = {A6B7C8D9-E0F1-2345-ABCD-EF1234567904}
		{A6B7C8D9-E0F1-2345-ABCD-EF1234567906} = {A6B7C8D9-E0F1-2345-ABCD-EF1234567904}
		{B5C6D7E8-F9A0-1234-BCDE-F01234567910} = {0AB3BF05-4346-4AA6-1389-037BE0695223}
		{C6D7E8F9-A0B1-2345-CDEF-012345678911} = {0AB3BF05-4346-4AA6-1389-037BE0695223}
		{D2DD7666-9DDF-4292-9528-81343F1E8091} = {808186BE-9BD0-DD1D-D574-36EEAD1E7F8F}
		{1A9FAE25-4F27-CC1F-46C5-9D44DD3056E7} = {A1B2C3D4-E5F6-7890-ABCD-EF1234567800}
		{CCB97C4A-A94F-4DC2-9FB4-DAC45D675CD5} = {1A9FAE25-4F27-CC1F-46C5-9D44DD3056E7}
		{0E6DC979-A4FD-4B7B-A51B-36113376B625} = {1A9FAE25-4F27-CC1F-46C5-9D44DD3056E7}
		{2876C747-E5B8-4E0E-BD33-F4F54B965BB3} = {1A9FAE25-4F27-CC1F-46C5-9D44DD3056E7}
		{15DF6C19-E3CB-4987-9E02-3F628A2FE953} = {1A9FAE25-4F27-CC1F-46C5-9D44DD3056E7}
		{7D5A8E2B-8877-4395-83F7-9760B32CADAC} = {1A9FAE25-4F27-CC1F-46C5-9D44DD3056E7}
		{4B0CAF09-563A-D67D-CA16-93A03BB86D05} = {A1B2C3D4-E5F6-7890-ABCD-EF1234567800}
		{88D61BE3-4AB5-4D67-84AB-62EFBE6F2220} = {4B0CAF09-563A-D67D-CA16-93A03BB86D05}
		{8C37019E-F0BA-44BD-9B7B-E01197D2A146} = {4B0CAF09-563A-D67D-CA16-93A03BB86D05}
		{F27932A9-A016-4B18-9DAA-CE9EE191C85E} = {4B0CAF09-563A-D67D-CA16-93A03BB86D05}
		{81A67925-34D5-A531-C6BE-5F9A3CBBB3D2} = {A1B2C3D4-E5F6-7890-ABCD-EF1234567800}
		{568580E7-5199-4D42-96AF-03A73C9F3AAF} = {81A67925-34D5-A531-C6BE-5F9A3CBBB3D2}
		{F02D5B9A-093D-4D6E-8B68-1C0AE140DD61} = {81A67925-34D5-A531-C6BE-5F9A3CBBB3D2}
		{DDE3483B-5A8F-478D-8BD7-785F84FCABAF} = {81A67925-34D5-A531-C6BE-5F9A3CBBB3D2}
		{D9E1C8F2-8033-4361-B8FC-10FFA74977C6} = {81A67925-34D5-A531-C6BE-5F9A3CBBB3D2}
		{F213182A-33E8-9874-379E-850AB46F0102} = {A1B2C3D4-E5F6-7890-ABCD-EF1234567800}
		{BB12482B-8644-471D-A1D7-4B2B8E98272E} = {F213182A-33E8-9874-379E-850AB46F0102}
		{7177AB7C-477E-43A9-901D-E9D2C83825D6} = {F213182A-33E8-9874-379E-850AB46F0102}
		{ED1261F5-083F-46FB-A40D-134D0EAA84BD} = {F213182A-33E8-9874-379E-850AB46F0102}
		{3973199D-FC5D-4416-8F86-B88A32EEC395} = {F213182A-33E8-9874-379E-850AB46F0102}
		{4BA69325-CE1B-4B50-951B-9D45224894A2} = {F213182A-33E8-9874-379E-850AB46F0102}
		{CE703AB3-3EF2-2098-F37F-840A17FE8C90} = {A1B2C3D4-E5F6-7890-ABCD-EF1234567800}
		{5ACB2780-A81D-4015-897F-B92D46FC1536} = {CE703AB3-3EF2-2098-F37F-840A17FE8C90}
		{30BD6866-CA95-49E7-9BCC-420110A689B2} = {CE703AB3-3EF2-2098-F37F-840A17FE8C90}
		{4E749C4F-6D63-4837-913C-B6FF8308F0BB} = {CE703AB3-3EF2-2098-F37F-840A17FE8C90}
		{0B5FE1B1-1C88-4CD8-BD63-CE7B10EE5AC6} = {CE703AB3-3EF2-2098-F37F-840A17FE8C90}
		{78003B03-D6F7-1906-0187-154F2A0D5A3B} = {A1B2C3D4-E5F6-7890-ABCD-EF1234567800}
		{965112F6-22EB-40D8-B9C7-C0003847ACB4} = {78003B03-D6F7-1906-0187-154F2A0D5A3B}
		{CCB0F67F-9147-41F7-BDCF-B0BBCC5FFB13} = {78003B03-D6F7-1906-0187-154F2A0D5A3B}
		{2686F06D-52F8-2CCF-27BA-68DBF9B181AC} = {A1B2C3D4-E5F6-7890-ABCD-EF1234567800}
		{564E1B97-F456-41C0-9CF9-E0688C27852C} = {2686F06D-52F8-2CCF-27BA-68DBF9B181AC}
		{E8172513-7D0C-45D2-9CB6-176622730379} = {2686F06D-52F8-2CCF-27BA-68DBF9B181AC}
		{D102D567-5F98-4306-9393-1F421EE5BD18} = {2686F06D-52F8-2CCF-27BA-68DBF9B181AC}
		{1127BD56-712B-4C1A-95F8-E660238BDA9F} = {2686F06D-52F8-2CCF-27BA-68DBF9B181AC}
		{9AF29A12-BB34-7321-2DCE-315311A5B818} = {A1B2C3D4-E5F6-7890-ABCD-EF1234567800}
		{13EB73BF-BC00-45EC-AFD4-FF5EEEC9A37C} = {9AF29A12-BB34-7321-2DCE-315311A5B818}
		{BF37997B-8934-4ED9-9DDB-34CC96230A0B} = {9AF29A12-BB34-7321-2DCE-315311A5B818}
		{578088CA-8CEC-414A-8128-A5F832843532} = {9AF29A12-BB34-7321-2DCE-315311A5B818}
		{AF74E91B-46B6-4EAA-8954-96B7FAFAA22D} = {9AF29A12-BB34-7321-2DCE-315311A5B818}
		{EED51FC6-D1AE-4FC2-BC4E-750D025A16EE} = {9AF29A12-BB34-7321-2DCE-315311A5B818}
		{21F04A87-C56C-4C97-A4AA-0F529801D89E} = {A1B2C3D4-E5F6-7890-ABCD-EF1234567800}
		{F787BA11-9749-47B7-9AB7-2EA9B76126B9} = {21F04A87-C56C-4C97-A4AA-0F529801D89E}
		{66EF6601-A554-4D85-8673-240792766784} = {21F04A87-C56C-4C97-A4AA-0F529801D89E}
		{4707B65C-E1A2-5D51-B6E3-032CFE8EC7CC} = {A1B2C3D4-E5F6-7890-ABCD-EF1234567800}
		{7BDC858B-C9CE-4355-AF19-427F9A6285D1} = {4707B65C-E1A2-5D51-B6E3-032CFE8EC7CC}
		{F8DD83B0-4718-4905-9E8E-1A4044AB180D} = {4707B65C-E1A2-5D51-B6E3-032CFE8EC7CC}
		{F2168CDC-9683-4AB8-A2EB-890F25DCE22B} = {4707B65C-E1A2-5D51-B6E3-032CFE8EC7CC}
		{E3D9FFBF-1E1B-4856-BE31-A05E930A3CDD} = {0AB3BF05-4346-4AA6-1389-037BE0695223}
		{A4B5C6D7-E8F9-0123-ABCD-EF4567890123} = {827E0CD3-B72D-47B6-A68D-7590B98EB39B}
		{B5C6D7E8-F9A0-1234-BCDE-F05678901234} = {0AB3BF05-4346-4AA6-1389-037BE0695223}
	EndGlobalSection
EndGlobal
